// !$*UTF8*$!
{
	archiveVersion = 1;
	classes = {
	};
	objectVersion = 51;
	objects = {

/* Begin PBXBuildFile section */
		7217CE3FFC6FFDF025355DC3 /* libPods-FitCloudKitDemo.a in Frameworks */ = {isa = PBXBuildFile; fileRef = A1577722496F42A93B414DFF /* libPods-FitCloudKitDemo.a */; };
		8902EA55230C2B97003FF418 /* DemoListController.m in Sources */ = {isa = PBXBuildFile; fileRef = 8902EA54230C2B97003FF418 /* DemoListController.m */; };
		891FA8D6231A98AD0097E996 /* SedentaryRemindController.m in Sources */ = {isa = PBXBuildFile; fileRef = 891FA8D5231A98AD0097E996 /* SedentaryRemindController.m */; };
		891FA8D9231AAAA20097E996 /* DrinkRemindController.m in Sources */ = {isa = PBXBuildFile; fileRef = 891FA8D8231AAAA20097E996 /* DrinkRemindController.m */; };
		891FA8DC231AAE030097E996 /* HealthMonitorController.m in Sources */ = {isa = PBXBuildFile; fileRef = 891FA8DB231AAE030097E996 /* HealthMonitorController.m */; };
		891FA8DF231AB3D20097E996 /* ScreenDispayController.m in Sources */ = {isa = PBXBuildFile; fileRef = 891FA8DE231AB3D20097E996 /* ScreenDispayController.m */; };
		892ADC8D2313FB6B00934A08 /* WristWakeUpController.m in Sources */ = {isa = PBXBuildFile; fileRef = 892ADC8C2313FB6B00934A08 /* WristWakeUpController.m */; };
		893B4499231D54870057EC21 /* RealtimeMeasureController.m in Sources */ = {isa = PBXBuildFile; fileRef = 893B4498231D54870057EC21 /* RealtimeMeasureController.m */; };
		893B449C231D5C260057EC21 /* DailyGoalSettingController.m in Sources */ = {isa = PBXBuildFile; fileRef = 893B449B231D5C260057EC21 /* DailyGoalSettingController.m */; };
		8975895F231169FE0005C1A2 /* AlarmController.m in Sources */ = {isa = PBXBuildFile; fileRef = 8975895E231169FE0005C1A2 /* AlarmController.m */; };
		898ADEB0231E941200342172 /* UnitPreferController.m in Sources */ = {isa = PBXBuildFile; fileRef = 898ADEAF231E941200342172 /* UnitPreferController.m */; };
		898ADEB3231EB43C00342172 /* UserProfileController.m in Sources */ = {isa = PBXBuildFile; fileRef = 898ADEB2231EB43C00342172 /* UserProfileController.m */; };
		898ADEB6231EB6DA00342172 /* WeatherController.m in Sources */ = {isa = PBXBuildFile; fileRef = 898ADEB5231EB6DA00342172 /* WeatherController.m */; };
		89A438B222B0D19700555B98 /* AppDelegate.m in Sources */ = {isa = PBXBuildFile; fileRef = 89A438B122B0D19700555B98 /* AppDelegate.m */; };
		89A438B522B0D19700555B98 /* ViewController.m in Sources */ = {isa = PBXBuildFile; fileRef = 89A438B422B0D19700555B98 /* ViewController.m */; };
		89A438B822B0D19700555B98 /* Main.storyboard in Resources */ = {isa = PBXBuildFile; fileRef = 89A438B622B0D19700555B98 /* Main.storyboard */; };
		89A438BA22B0D19900555B98 /* Assets.xcassets in Resources */ = {isa = PBXBuildFile; fileRef = 89A438B922B0D19900555B98 /* Assets.xcassets */; };
		89A438BD22B0D19900555B98 /* LaunchScreen.storyboard in Resources */ = {isa = PBXBuildFile; fileRef = 89A438BB22B0D19900555B98 /* LaunchScreen.storyboard */; };
		89A438C022B0D19900555B98 /* main.m in Sources */ = {isa = PBXBuildFile; fileRef = 89A438BF22B0D19900555B98 /* main.m */; };
		89A438C822B0DA9500555B98 /* AppDelegate+FitCloudKit.m in Sources */ = {isa = PBXBuildFile; fileRef = 89A438C722B0DA9500555B98 /* AppDelegate+FitCloudKit.m */; };
		89A438CC22B0ED3800555B98 /* AppDelegate+LoggerService.m in Sources */ = {isa = PBXBuildFile; fileRef = 89A438CB22B0ED3800555B98 /* AppDelegate+LoggerService.m */; };
		89A891AC2A56B08F0073CEBA /* WomenHealthController.m in Sources */ = {isa = PBXBuildFile; fileRef = 89A891AB2A56B08F0073CEBA /* WomenHealthController.m */; };
		89C5154123083707000BD54C /* Localizable.strings in Resources */ = {isa = PBXBuildFile; fileRef = 89C5154323083707000BD54C /* Localizable.strings */; };
		89C515442308370B000BD54C /* InfoPlist.strings in Resources */ = {isa = PBXBuildFile; fileRef = 89C515462308370B000BD54C /* InfoPlist.strings */; };
		89C5155023083B22000BD54C /* LocalizedLabel.m in Sources */ = {isa = PBXBuildFile; fileRef = 89C5154C23083B22000BD54C /* LocalizedLabel.m */; };
		89C5155123083B22000BD54C /* LocalizedButton.m in Sources */ = {isa = PBXBuildFile; fileRef = 89C5154E23083B22000BD54C /* LocalizedButton.m */; };
		89C51554230840B2000BD54C /* DeviceSearchListController.m in Sources */ = {isa = PBXBuildFile; fileRef = 89C51553230840B2000BD54C /* DeviceSearchListController.m */; };
		89C515572308499D000BD54C /* DeviceCell.m in Sources */ = {isa = PBXBuildFile; fileRef = 89C515562308499D000BD54C /* DeviceCell.m */; };
		89C5155A2308579F000BD54C /* DeviceBindingController.m in Sources */ = {isa = PBXBuildFile; fileRef = 89C515592308579F000BD54C /* DeviceBindingController.m */; };
		89C5156023085958000BD54C /* MoView.m in Sources */ = {isa = PBXBuildFile; fileRef = 89C5155D23085958000BD54C /* MoView.m */; };
		89C5156123085958000BD54C /* MoCurveLayer.m in Sources */ = {isa = PBXBuildFile; fileRef = 89C5155E23085958000BD54C /* MoCurveLayer.m */; };
		89EA5159230ED2A200EDC1F0 /* MessageReminderController.m in Sources */ = {isa = PBXBuildFile; fileRef = 89EA5158230ED2A200EDC1F0 /* MessageReminderController.m */; };
/* End PBXBuildFile section */

/* Begin PBXFileReference section */
		1511A057B1CD59EA0B4E8EED /* Pods-FitCloudKitDemo.release.xcconfig */ = {isa = PBXFileReference; includeInIndex = 1; lastKnownFileType = text.xcconfig; name = "Pods-FitCloudKitDemo.release.xcconfig"; path = "Target Support Files/Pods-FitCloudKitDemo/Pods-FitCloudKitDemo.release.xcconfig"; sourceTree = "<group>"; };
		4674C6148BD9C164A509FD6C /* Pods-FitCloudKitDemo.debug.xcconfig */ = {isa = PBXFileReference; includeInIndex = 1; lastKnownFileType = text.xcconfig; name = "Pods-FitCloudKitDemo.debug.xcconfig"; path = "Target Support Files/Pods-FitCloudKitDemo/Pods-FitCloudKitDemo.debug.xcconfig"; sourceTree = "<group>"; };
		8902EA53230C2B97003FF418 /* DemoListController.h */ = {isa = PBXFileReference; lastKnownFileType = sourcecode.c.h; path = DemoListController.h; sourceTree = "<group>"; };
		8902EA54230C2B97003FF418 /* DemoListController.m */ = {isa = PBXFileReference; lastKnownFileType = sourcecode.c.objc; path = DemoListController.m; sourceTree = "<group>"; };
		891FA8D4231A98AD0097E996 /* SedentaryRemindController.h */ = {isa = PBXFileReference; lastKnownFileType = sourcecode.c.h; path = SedentaryRemindController.h; sourceTree = "<group>"; };
		891FA8D5231A98AD0097E996 /* SedentaryRemindController.m */ = {isa = PBXFileReference; lastKnownFileType = sourcecode.c.objc; path = SedentaryRemindController.m; sourceTree = "<group>"; };
		891FA8D7231AAAA20097E996 /* DrinkRemindController.h */ = {isa = PBXFileReference; lastKnownFileType = sourcecode.c.h; path = DrinkRemindController.h; sourceTree = "<group>"; };
		891FA8D8231AAAA20097E996 /* DrinkRemindController.m */ = {isa = PBXFileReference; lastKnownFileType = sourcecode.c.objc; path = DrinkRemindController.m; sourceTree = "<group>"; };
		891FA8DA231AAE030097E996 /* HealthMonitorController.h */ = {isa = PBXFileReference; lastKnownFileType = sourcecode.c.h; path = HealthMonitorController.h; sourceTree = "<group>"; };
		891FA8DB231AAE030097E996 /* HealthMonitorController.m */ = {isa = PBXFileReference; lastKnownFileType = sourcecode.c.objc; path = HealthMonitorController.m; sourceTree = "<group>"; };
		891FA8DD231AB3D20097E996 /* ScreenDispayController.h */ = {isa = PBXFileReference; lastKnownFileType = sourcecode.c.h; path = ScreenDispayController.h; sourceTree = "<group>"; };
		891FA8DE231AB3D20097E996 /* ScreenDispayController.m */ = {isa = PBXFileReference; lastKnownFileType = sourcecode.c.objc; path = ScreenDispayController.m; sourceTree = "<group>"; };
		892ADC8B2313FB6B00934A08 /* WristWakeUpController.h */ = {isa = PBXFileReference; lastKnownFileType = sourcecode.c.h; path = WristWakeUpController.h; sourceTree = "<group>"; };
		892ADC8C2313FB6B00934A08 /* WristWakeUpController.m */ = {isa = PBXFileReference; lastKnownFileType = sourcecode.c.objc; path = WristWakeUpController.m; sourceTree = "<group>"; };
		893B4497231D54870057EC21 /* RealtimeMeasureController.h */ = {isa = PBXFileReference; lastKnownFileType = sourcecode.c.h; path = RealtimeMeasureController.h; sourceTree = "<group>"; };
		893B4498231D54870057EC21 /* RealtimeMeasureController.m */ = {isa = PBXFileReference; lastKnownFileType = sourcecode.c.objc; path = RealtimeMeasureController.m; sourceTree = "<group>"; };
		893B449A231D5C260057EC21 /* DailyGoalSettingController.h */ = {isa = PBXFileReference; lastKnownFileType = sourcecode.c.h; path = DailyGoalSettingController.h; sourceTree = "<group>"; };
		893B449B231D5C260057EC21 /* DailyGoalSettingController.m */ = {isa = PBXFileReference; lastKnownFileType = sourcecode.c.objc; path = DailyGoalSettingController.m; sourceTree = "<group>"; };
		8975895D231169FE0005C1A2 /* AlarmController.h */ = {isa = PBXFileReference; lastKnownFileType = sourcecode.c.h; path = AlarmController.h; sourceTree = "<group>"; };
		8975895E231169FE0005C1A2 /* AlarmController.m */ = {isa = PBXFileReference; lastKnownFileType = sourcecode.c.objc; path = AlarmController.m; sourceTree = "<group>"; };
		898ADEAE231E941200342172 /* UnitPreferController.h */ = {isa = PBXFileReference; lastKnownFileType = sourcecode.c.h; path = UnitPreferController.h; sourceTree = "<group>"; };
		898ADEAF231E941200342172 /* UnitPreferController.m */ = {isa = PBXFileReference; lastKnownFileType = sourcecode.c.objc; path = UnitPreferController.m; sourceTree = "<group>"; };
		898ADEB1231EB43C00342172 /* UserProfileController.h */ = {isa = PBXFileReference; lastKnownFileType = sourcecode.c.h; path = UserProfileController.h; sourceTree = "<group>"; };
		898ADEB2231EB43C00342172 /* UserProfileController.m */ = {isa = PBXFileReference; lastKnownFileType = sourcecode.c.objc; path = UserProfileController.m; sourceTree = "<group>"; };
		898ADEB4231EB6DA00342172 /* WeatherController.h */ = {isa = PBXFileReference; lastKnownFileType = sourcecode.c.h; path = WeatherController.h; sourceTree = "<group>"; };
		898ADEB5231EB6DA00342172 /* WeatherController.m */ = {isa = PBXFileReference; lastKnownFileType = sourcecode.c.objc; path = WeatherController.m; sourceTree = "<group>"; };
		89A438AD22B0D19700555B98 /* FitCloudKitDemo.app */ = {isa = PBXFileReference; explicitFileType = wrapper.application; includeInIndex = 0; path = FitCloudKitDemo.app; sourceTree = BUILT_PRODUCTS_DIR; };
		89A438B022B0D19700555B98 /* AppDelegate.h */ = {isa = PBXFileReference; lastKnownFileType = sourcecode.c.h; path = AppDelegate.h; sourceTree = "<group>"; };
		89A438B122B0D19700555B98 /* AppDelegate.m */ = {isa = PBXFileReference; lastKnownFileType = sourcecode.c.objc; path = AppDelegate.m; sourceTree = "<group>"; };
		89A438B322B0D19700555B98 /* ViewController.h */ = {isa = PBXFileReference; lastKnownFileType = sourcecode.c.h; path = ViewController.h; sourceTree = "<group>"; };
		89A438B422B0D19700555B98 /* ViewController.m */ = {isa = PBXFileReference; lastKnownFileType = sourcecode.c.objc; path = ViewController.m; sourceTree = "<group>"; };
		89A438B722B0D19700555B98 /* Base */ = {isa = PBXFileReference; lastKnownFileType = file.storyboard; name = Base; path = Base.lproj/Main.storyboard; sourceTree = "<group>"; };
		89A438B922B0D19900555B98 /* Assets.xcassets */ = {isa = PBXFileReference; lastKnownFileType = folder.assetcatalog; path = Assets.xcassets; sourceTree = "<group>"; };
		89A438BC22B0D19900555B98 /* Base */ = {isa = PBXFileReference; lastKnownFileType = file.storyboard; name = Base; path = Base.lproj/LaunchScreen.storyboard; sourceTree = "<group>"; };
		89A438BE22B0D19900555B98 /* Info.plist */ = {isa = PBXFileReference; lastKnownFileType = text.plist.xml; path = Info.plist; sourceTree = "<group>"; };
		89A438BF22B0D19900555B98 /* main.m */ = {isa = PBXFileReference; lastKnownFileType = sourcecode.c.objc; path = main.m; sourceTree = "<group>"; };
		89A438C622B0DA9500555B98 /* AppDelegate+FitCloudKit.h */ = {isa = PBXFileReference; lastKnownFileType = sourcecode.c.h; path = "AppDelegate+FitCloudKit.h"; sourceTree = "<group>"; };
		89A438C722B0DA9500555B98 /* AppDelegate+FitCloudKit.m */ = {isa = PBXFileReference; lastKnownFileType = sourcecode.c.objc; path = "AppDelegate+FitCloudKit.m"; sourceTree = "<group>"; };
		89A438C922B0DB6000555B98 /* FitCloudKitDemo-Prefix.pch */ = {isa = PBXFileReference; lastKnownFileType = sourcecode.c.h; path = "FitCloudKitDemo-Prefix.pch"; sourceTree = "<group>"; };
		89A438CA22B0ED3800555B98 /* AppDelegate+LoggerService.h */ = {isa = PBXFileReference; lastKnownFileType = sourcecode.c.h; path = "AppDelegate+LoggerService.h"; sourceTree = "<group>"; };
		89A438CB22B0ED3800555B98 /* AppDelegate+LoggerService.m */ = {isa = PBXFileReference; lastKnownFileType = sourcecode.c.objc; path = "AppDelegate+LoggerService.m"; sourceTree = "<group>"; };
		89A891AA2A56B08F0073CEBA /* WomenHealthController.h */ = {isa = PBXFileReference; lastKnownFileType = sourcecode.c.h; path = WomenHealthController.h; sourceTree = "<group>"; };
		89A891AB2A56B08F0073CEBA /* WomenHealthController.m */ = {isa = PBXFileReference; lastKnownFileType = sourcecode.c.objc; path = WomenHealthController.m; sourceTree = "<group>"; };
		89C5154223083707000BD54C /* en */ = {isa = PBXFileReference; lastKnownFileType = text.plist.strings; name = en; path = en.lproj/Localizable.strings; sourceTree = "<group>"; };
		89C515452308370B000BD54C /* en */ = {isa = PBXFileReference; lastKnownFileType = text.plist.strings; name = en; path = en.lproj/InfoPlist.strings; sourceTree = "<group>"; };
		89C515472308371F000BD54C /* zh-Hans */ = {isa = PBXFileReference; lastKnownFileType = text.plist.strings; name = "zh-Hans"; path = "zh-Hans.lproj/InfoPlist.strings"; sourceTree = "<group>"; };
		89C515482308371F000BD54C /* zh-Hans */ = {isa = PBXFileReference; lastKnownFileType = text.plist.strings; name = "zh-Hans"; path = "zh-Hans.lproj/Localizable.strings"; sourceTree = "<group>"; };
		89C5154B23083B22000BD54C /* LocalizedLabel.h */ = {isa = PBXFileReference; fileEncoding = 4; lastKnownFileType = sourcecode.c.h; path = LocalizedLabel.h; sourceTree = "<group>"; };
		89C5154C23083B22000BD54C /* LocalizedLabel.m */ = {isa = PBXFileReference; fileEncoding = 4; lastKnownFileType = sourcecode.c.objc; path = LocalizedLabel.m; sourceTree = "<group>"; };
		89C5154E23083B22000BD54C /* LocalizedButton.m */ = {isa = PBXFileReference; fileEncoding = 4; lastKnownFileType = sourcecode.c.objc; path = LocalizedButton.m; sourceTree = "<group>"; };
		89C5154F23083B22000BD54C /* LocalizedButton.h */ = {isa = PBXFileReference; fileEncoding = 4; lastKnownFileType = sourcecode.c.h; path = LocalizedButton.h; sourceTree = "<group>"; };
		89C51552230840B2000BD54C /* DeviceSearchListController.h */ = {isa = PBXFileReference; lastKnownFileType = sourcecode.c.h; path = DeviceSearchListController.h; sourceTree = "<group>"; };
		89C51553230840B2000BD54C /* DeviceSearchListController.m */ = {isa = PBXFileReference; lastKnownFileType = sourcecode.c.objc; path = DeviceSearchListController.m; sourceTree = "<group>"; };
		89C515552308499D000BD54C /* DeviceCell.h */ = {isa = PBXFileReference; lastKnownFileType = sourcecode.c.h; path = DeviceCell.h; sourceTree = "<group>"; };
		89C515562308499D000BD54C /* DeviceCell.m */ = {isa = PBXFileReference; lastKnownFileType = sourcecode.c.objc; path = DeviceCell.m; sourceTree = "<group>"; };
		89C515582308579F000BD54C /* DeviceBindingController.h */ = {isa = PBXFileReference; lastKnownFileType = sourcecode.c.h; path = DeviceBindingController.h; sourceTree = "<group>"; };
		89C515592308579F000BD54C /* DeviceBindingController.m */ = {isa = PBXFileReference; lastKnownFileType = sourcecode.c.objc; path = DeviceBindingController.m; sourceTree = "<group>"; };
		89C5155C23085958000BD54C /* MoCurveLayer.h */ = {isa = PBXFileReference; fileEncoding = 4; lastKnownFileType = sourcecode.c.h; path = MoCurveLayer.h; sourceTree = "<group>"; };
		89C5155D23085958000BD54C /* MoView.m */ = {isa = PBXFileReference; fileEncoding = 4; lastKnownFileType = sourcecode.c.objc; path = MoView.m; sourceTree = "<group>"; };
		89C5155E23085958000BD54C /* MoCurveLayer.m */ = {isa = PBXFileReference; fileEncoding = 4; lastKnownFileType = sourcecode.c.objc; path = MoCurveLayer.m; sourceTree = "<group>"; };
		89C5155F23085958000BD54C /* MoView.h */ = {isa = PBXFileReference; fileEncoding = 4; lastKnownFileType = sourcecode.c.h; path = MoView.h; sourceTree = "<group>"; };
		89EA5157230ED2A200EDC1F0 /* MessageReminderController.h */ = {isa = PBXFileReference; lastKnownFileType = sourcecode.c.h; path = MessageReminderController.h; sourceTree = "<group>"; };
		89EA5158230ED2A200EDC1F0 /* MessageReminderController.m */ = {isa = PBXFileReference; lastKnownFileType = sourcecode.c.objc; path = MessageReminderController.m; sourceTree = "<group>"; };
		A1577722496F42A93B414DFF /* libPods-FitCloudKitDemo.a */ = {isa = PBXFileReference; explicitFileType = archive.ar; includeInIndex = 0; path = "libPods-FitCloudKitDemo.a"; sourceTree = BUILT_PRODUCTS_DIR; };
/* End PBXFileReference section */

/* Begin PBXFrameworksBuildPhase section */
		89A438AA22B0D19700555B98 /* Frameworks */ = {
			isa = PBXFrameworksBuildPhase;
			buildActionMask = 2147483647;
			files = (
				7217CE3FFC6FFDF025355DC3 /* libPods-FitCloudKitDemo.a in Frameworks */,
			);
			runOnlyForDeploymentPostprocessing = 0;
		};
/* End PBXFrameworksBuildPhase section */

/* Begin PBXGroup section */
		89A438A422B0D19700555B98 = {
			isa = PBXGroup;
			children = (
				89A438AF22B0D19700555B98 /* FitCloudKitDemo */,
				89A438AE22B0D19700555B98 /* Products */,
				C7BF5B98C5B523186DAD65CF /* Pods */,
				C0A1B400DE21B28CD8FDE60B /* Frameworks */,
			);
			sourceTree = "<group>";
		};
		89A438AE22B0D19700555B98 /* Products */ = {
			isa = PBXGroup;
			children = (
				89A438AD22B0D19700555B98 /* FitCloudKitDemo.app */,
			);
			name = Products;
			sourceTree = "<group>";
		};
		89A438AF22B0D19700555B98 /* FitCloudKitDemo */ = {
			isa = PBXGroup;
			children = (
				89C5154923083B22000BD54C /* Vendors */,
				89A438B022B0D19700555B98 /* AppDelegate.h */,
				89A438B122B0D19700555B98 /* AppDelegate.m */,
				89A438CA22B0ED3800555B98 /* AppDelegate+LoggerService.h */,
				89A438CB22B0ED3800555B98 /* AppDelegate+LoggerService.m */,
				89A438C622B0DA9500555B98 /* AppDelegate+FitCloudKit.h */,
				89A438C722B0DA9500555B98 /* AppDelegate+FitCloudKit.m */,
				89A438B322B0D19700555B98 /* ViewController.h */,
				89A438B422B0D19700555B98 /* ViewController.m */,
				89C51552230840B2000BD54C /* DeviceSearchListController.h */,
				89C51553230840B2000BD54C /* DeviceSearchListController.m */,
				89C515582308579F000BD54C /* DeviceBindingController.h */,
				89C515592308579F000BD54C /* DeviceBindingController.m */,
				8902EA53230C2B97003FF418 /* DemoListController.h */,
				8902EA54230C2B97003FF418 /* DemoListController.m */,
				89EA5157230ED2A200EDC1F0 /* MessageReminderController.h */,
				89EA5158230ED2A200EDC1F0 /* MessageReminderController.m */,
				8975895D231169FE0005C1A2 /* AlarmController.h */,
				8975895E231169FE0005C1A2 /* AlarmController.m */,
				891FA8D4231A98AD0097E996 /* SedentaryRemindController.h */,
				891FA8D5231A98AD0097E996 /* SedentaryRemindController.m */,
				891FA8D7231AAAA20097E996 /* DrinkRemindController.h */,
				891FA8D8231AAAA20097E996 /* DrinkRemindController.m */,
				892ADC8B2313FB6B00934A08 /* WristWakeUpController.h */,
				892ADC8C2313FB6B00934A08 /* WristWakeUpController.m */,
				891FA8DA231AAE030097E996 /* HealthMonitorController.h */,
				891FA8DB231AAE030097E996 /* HealthMonitorController.m */,
				891FA8DD231AB3D20097E996 /* ScreenDispayController.h */,
				891FA8DE231AB3D20097E996 /* ScreenDispayController.m */,
				893B4497231D54870057EC21 /* RealtimeMeasureController.h */,
				893B4498231D54870057EC21 /* RealtimeMeasureController.m */,
				893B449A231D5C260057EC21 /* DailyGoalSettingController.h */,
				893B449B231D5C260057EC21 /* DailyGoalSettingController.m */,
				898ADEAE231E941200342172 /* UnitPreferController.h */,
				898ADEAF231E941200342172 /* UnitPreferController.m */,
				898ADEB1231EB43C00342172 /* UserProfileController.h */,
				898ADEB2231EB43C00342172 /* UserProfileController.m */,
				898ADEB4231EB6DA00342172 /* WeatherController.h */,
				898ADEB5231EB6DA00342172 /* WeatherController.m */,
				89A891AA2A56B08F0073CEBA /* WomenHealthController.h */,
				89A891AB2A56B08F0073CEBA /* WomenHealthController.m */,
				89C515552308499D000BD54C /* DeviceCell.h */,
				89C515562308499D000BD54C /* DeviceCell.m */,
				89A438B622B0D19700555B98 /* Main.storyboard */,
				89A438B922B0D19900555B98 /* Assets.xcassets */,
				89A438BB22B0D19900555B98 /* LaunchScreen.storyboard */,
				89A438BE22B0D19900555B98 /* Info.plist */,
				89A438BF22B0D19900555B98 /* main.m */,
				89C515462308370B000BD54C /* InfoPlist.strings */,
				89C5154323083707000BD54C /* Localizable.strings */,
				89A438C922B0DB6000555B98 /* FitCloudKitDemo-Prefix.pch */,
			);
			path = FitCloudKitDemo;
			sourceTree = "<group>";
		};
		89C5154923083B22000BD54C /* Vendors */ = {
			isa = PBXGroup;
			children = (
				89C5155B23085958000BD54C /* MoLoading */,
				89C5154A23083B22000BD54C /* LocalizedLabel */,
				89C5154D23083B22000BD54C /* LocalizedButton */,
			);
			path = Vendors;
			sourceTree = "<group>";
		};
		89C5154A23083B22000BD54C /* LocalizedLabel */ = {
			isa = PBXGroup;
			children = (
				89C5154B23083B22000BD54C /* LocalizedLabel.h */,
				89C5154C23083B22000BD54C /* LocalizedLabel.m */,
			);
			path = LocalizedLabel;
			sourceTree = "<group>";
		};
		89C5154D23083B22000BD54C /* LocalizedButton */ = {
			isa = PBXGroup;
			children = (
				89C5154F23083B22000BD54C /* LocalizedButton.h */,
				89C5154E23083B22000BD54C /* LocalizedButton.m */,
			);
			path = LocalizedButton;
			sourceTree = "<group>";
		};
		89C5155B23085958000BD54C /* MoLoading */ = {
			isa = PBXGroup;
			children = (
				89C5155C23085958000BD54C /* MoCurveLayer.h */,
				89C5155E23085958000BD54C /* MoCurveLayer.m */,
				89C5155F23085958000BD54C /* MoView.h */,
				89C5155D23085958000BD54C /* MoView.m */,
			);
			path = MoLoading;
			sourceTree = "<group>";
		};
		C0A1B400DE21B28CD8FDE60B /* Frameworks */ = {
			isa = PBXGroup;
			children = (
				A1577722496F42A93B414DFF /* libPods-FitCloudKitDemo.a */,
			);
			name = Frameworks;
			sourceTree = "<group>";
		};
		C7BF5B98C5B523186DAD65CF /* Pods */ = {
			isa = PBXGroup;
			children = (
				4674C6148BD9C164A509FD6C /* Pods-FitCloudKitDemo.debug.xcconfig */,
				1511A057B1CD59EA0B4E8EED /* Pods-FitCloudKitDemo.release.xcconfig */,
			);
			path = Pods;
			sourceTree = "<group>";
		};
/* End PBXGroup section */

/* Begin PBXNativeTarget section */
		89A438AC22B0D19700555B98 /* FitCloudKitDemo */ = {
			isa = PBXNativeTarget;
			buildConfigurationList = 89A438C322B0D19900555B98 /* Build configuration list for PBXNativeTarget "FitCloudKitDemo" */;
			buildPhases = (
				89D2579D62CC5EF4DD70C0BB /* [CP] Check Pods Manifest.lock */,
				89A438A922B0D19700555B98 /* Sources */,
				89A438AA22B0D19700555B98 /* Frameworks */,
				89A438AB22B0D19700555B98 /* Resources */,
				9C8224D039CDEBB40E1AEF86 /* [CP] Copy Pods Resources */,
			);
			buildRules = (
			);
			dependencies = (
			);
			name = FitCloudKitDemo;
			productName = FitCloudKitDemo;
			productReference = 89A438AD22B0D19700555B98 /* FitCloudKitDemo.app */;
			productType = "com.apple.product-type.application";
		};
/* End PBXNativeTarget section */

/* Begin PBXProject section */
		89A438A522B0D19700555B98 /* Project object */ = {
			isa = PBXProject;
			attributes = {
				LastUpgradeCheck = 1020;
				ORGANIZATIONNAME = HetangSmart;
				TargetAttributes = {
					89A438AC22B0D19700555B98 = {
						CreatedOnToolsVersion = 10.2.1;
						SystemCapabilities = {
							com.apple.BackgroundModes = {
								enabled = 1;
							};
						};
					};
				};
			};
			buildConfigurationList = 89A438A822B0D19700555B98 /* Build configuration list for PBXProject "FitCloudKitDemo" */;
			compatibilityVersion = "Xcode 9.3";
			developmentRegion = en;
			hasScannedForEncodings = 0;
			knownRegions = (
				en,
				Base,
				"zh-Hans",
			);
			mainGroup = 89A438A422B0D19700555B98;
			productRefGroup = 89A438AE22B0D19700555B98 /* Products */;
			projectDirPath = "";
			projectRoot = "";
			targets = (
				89A438AC22B0D19700555B98 /* FitCloudKitDemo */,
			);
		};
/* End PBXProject section */

/* Begin PBXResourcesBuildPhase section */
		89A438AB22B0D19700555B98 /* Resources */ = {
			isa = PBXResourcesBuildPhase;
			buildActionMask = 2147483647;
			files = (
				89A438BD22B0D19900555B98 /* LaunchScreen.storyboard in Resources */,
				89C5154123083707000BD54C /* Localizable.strings in Resources */,
				89A438BA22B0D19900555B98 /* Assets.xcassets in Resources */,
				89A438B822B0D19700555B98 /* Main.storyboard in Resources */,
				89C515442308370B000BD54C /* InfoPlist.strings in Resources */,
			);
			runOnlyForDeploymentPostprocessing = 0;
		};
/* End PBXResourcesBuildPhase section */

/* Begin PBXShellScriptBuildPhase section */
		89D2579D62CC5EF4DD70C0BB /* [CP] Check Pods Manifest.lock */ = {
			isa = PBXShellScriptBuildPhase;
			buildActionMask = 2147483647;
			files = (
			);
			inputFileListPaths = (
			);
			inputPaths = (
				"${PODS_PODFILE_DIR_PATH}/Podfile.lock",
				"${PODS_ROOT}/Manifest.lock",
			);
			name = "[CP] Check Pods Manifest.lock";
			outputFileListPaths = (
			);
			outputPaths = (
				"$(DERIVED_FILE_DIR)/Pods-FitCloudKitDemo-checkManifestLockResult.txt",
			);
			runOnlyForDeploymentPostprocessing = 0;
			shellPath = /bin/sh;
			shellScript = "diff \"${PODS_PODFILE_DIR_PATH}/Podfile.lock\" \"${PODS_ROOT}/Manifest.lock\" > /dev/null\nif [ $? != 0 ] ; then\n    # print error to STDERR\n    echo \"error: The sandbox is not in sync with the Podfile.lock. Run 'pod install' or update your CocoaPods installation.\" >&2\n    exit 1\nfi\n# This output is used by Xcode 'outputs' to avoid re-running this script phase.\necho \"SUCCESS\" > \"${SCRIPT_OUTPUT_FILE_0}\"\n";
			showEnvVarsInLog = 0;
		};
		9C8224D039CDEBB40E1AEF86 /* [CP] Copy Pods Resources */ = {
			isa = PBXShellScriptBuildPhase;
			buildActionMask = 2147483647;
			files = (
			);
			inputFileListPaths = (
				"${PODS_ROOT}/Target Support Files/Pods-FitCloudKitDemo/Pods-FitCloudKitDemo-resources-${CONFIGURATION}-input-files.xcfilelist",
			);
			name = "[CP] Copy Pods Resources";
			outputFileListPaths = (
				"${PODS_ROOT}/Target Support Files/Pods-FitCloudKitDemo/Pods-FitCloudKitDemo-resources-${CONFIGURATION}-output-files.xcfilelist",
			);
			runOnlyForDeploymentPostprocessing = 0;
			shellPath = /bin/sh;
			shellScript = "\"${PODS_ROOT}/Target Support Files/Pods-FitCloudKitDemo/Pods-FitCloudKitDemo-resources.sh\"\n";
			showEnvVarsInLog = 0;
		};
/* End PBXShellScriptBuildPhase section */

/* Begin PBXSourcesBuildPhase section */
		89A438A922B0D19700555B98 /* Sources */ = {
			isa = PBXSourcesBuildPhase;
			buildActionMask = 2147483647;
			files = (
				89A438B522B0D19700555B98 /* ViewController.m in Sources */,
				89A438C822B0DA9500555B98 /* AppDelegate+FitCloudKit.m in Sources */,
				89A891AC2A56B08F0073CEBA /* WomenHealthController.m in Sources */,
				891FA8D6231A98AD0097E996 /* SedentaryRemindController.m in Sources */,
				89C5155023083B22000BD54C /* LocalizedLabel.m in Sources */,
				893B4499231D54870057EC21 /* RealtimeMeasureController.m in Sources */,
				89A438C022B0D19900555B98 /* main.m in Sources */,
				89A438CC22B0ED3800555B98 /* AppDelegate+LoggerService.m in Sources */,
				898ADEB0231E941200342172 /* UnitPreferController.m in Sources */,
				898ADEB6231EB6DA00342172 /* WeatherController.m in Sources */,
				89EA5159230ED2A200EDC1F0 /* MessageReminderController.m in Sources */,
				891FA8D9231AAAA20097E996 /* DrinkRemindController.m in Sources */,
				893B449C231D5C260057EC21 /* DailyGoalSettingController.m in Sources */,
				8975895F231169FE0005C1A2 /* AlarmController.m in Sources */,
				89C5155A2308579F000BD54C /* DeviceBindingController.m in Sources */,
				89C51554230840B2000BD54C /* DeviceSearchListController.m in Sources */,
				898ADEB3231EB43C00342172 /* UserProfileController.m in Sources */,
				89C515572308499D000BD54C /* DeviceCell.m in Sources */,
				89A438B222B0D19700555B98 /* AppDelegate.m in Sources */,
				89C5156023085958000BD54C /* MoView.m in Sources */,
				892ADC8D2313FB6B00934A08 /* WristWakeUpController.m in Sources */,
				891FA8DC231AAE030097E996 /* HealthMonitorController.m in Sources */,
				89C5155123083B22000BD54C /* LocalizedButton.m in Sources */,
				891FA8DF231AB3D20097E996 /* ScreenDispayController.m in Sources */,
				8902EA55230C2B97003FF418 /* DemoListController.m in Sources */,
				89C5156123085958000BD54C /* MoCurveLayer.m in Sources */,
			);
			runOnlyForDeploymentPostprocessing = 0;
		};
/* End PBXSourcesBuildPhase section */

/* Begin PBXVariantGroup section */
		89A438B622B0D19700555B98 /* Main.storyboard */ = {
			isa = PBXVariantGroup;
			children = (
				89A438B722B0D19700555B98 /* Base */,
			);
			name = Main.storyboard;
			sourceTree = "<group>";
		};
		89A438BB22B0D19900555B98 /* LaunchScreen.storyboard */ = {
			isa = PBXVariantGroup;
			children = (
				89A438BC22B0D19900555B98 /* Base */,
			);
			name = LaunchScreen.storyboard;
			sourceTree = "<group>";
		};
		89C5154323083707000BD54C /* Localizable.strings */ = {
			isa = PBXVariantGroup;
			children = (
				89C5154223083707000BD54C /* en */,
				89C515482308371F000BD54C /* zh-Hans */,
			);
			name = Localizable.strings;
			sourceTree = "<group>";
		};
		89C515462308370B000BD54C /* InfoPlist.strings */ = {
			isa = PBXVariantGroup;
			children = (
				89C515452308370B000BD54C /* en */,
				89C515472308371F000BD54C /* zh-Hans */,
			);
			name = InfoPlist.strings;
			sourceTree = "<group>";
		};
/* End PBXVariantGroup section */

/* Begin XCBuildConfiguration section */
		89A438C122B0D19900555B98 /* Debug */ = {
			isa = XCBuildConfiguration;
			buildSettings = {
				ALWAYS_SEARCH_USER_PATHS = NO;
				CLANG_ANALYZER_LOCALIZABILITY_NONLOCALIZED = YES;
				CLANG_ANALYZER_NONNULL = YES;
				CLANG_ANALYZER_NUMBER_OBJECT_CONVERSION = YES_AGGRESSIVE;
				CLANG_CXX_LANGUAGE_STANDARD = "gnu++14";
				CLANG_CXX_LIBRARY = "libc++";
				CLANG_ENABLE_MODULES = YES;
				CLANG_ENABLE_OBJC_ARC = YES;
				CLANG_ENABLE_OBJC_WEAK = YES;
				CLANG_WARN_BLOCK_CAPTURE_AUTORELEASING = YES;
				CLANG_WARN_BOOL_CONVERSION = YES;
				CLANG_WARN_COMMA = YES;
				CLANG_WARN_CONSTANT_CONVERSION = YES;
				CLANG_WARN_DEPRECATED_OBJC_IMPLEMENTATIONS = YES;
				CLANG_WARN_DIRECT_OBJC_ISA_USAGE = YES_ERROR;
				CLANG_WARN_DOCUMENTATION_COMMENTS = YES;
				CLANG_WARN_EMPTY_BODY = YES;
				CLANG_WARN_ENUM_CONVERSION = YES;
				CLANG_WARN_INFINITE_RECURSION = YES;
				CLANG_WARN_INT_CONVERSION = YES;
				CLANG_WARN_NON_LITERAL_NULL_CONVERSION = YES;
				CLANG_WARN_OBJC_IMPLICIT_RETAIN_SELF = YES;
				CLANG_WARN_OBJC_LITERAL_CONVERSION = YES;
				CLANG_WARN_OBJC_ROOT_CLASS = YES_ERROR;
				CLANG_WARN_RANGE_LOOP_ANALYSIS = YES;
				CLANG_WARN_STRICT_PROTOTYPES = YES;
				CLANG_WARN_SUSPICIOUS_MOVE = YES;
				CLANG_WARN_UNGUARDED_AVAILABILITY = YES_AGGRESSIVE;
				CLANG_WARN_UNREACHABLE_CODE = YES;
				CLANG_WARN__DUPLICATE_METHOD_MATCH = YES;
				CODE_SIGN_IDENTITY = "iPhone Developer";
				COPY_PHASE_STRIP = NO;
				DEBUG_INFORMATION_FORMAT = dwarf;
				ENABLE_STRICT_OBJC_MSGSEND = YES;
				ENABLE_TESTABILITY = YES;
				GCC_C_LANGUAGE_STANDARD = gnu11;
				GCC_DYNAMIC_NO_PIC = NO;
				GCC_NO_COMMON_BLOCKS = YES;
				GCC_OPTIMIZATION_LEVEL = 0;
				GCC_PREPROCESSOR_DEFINITIONS = (
					"DEBUG=1",
					"$(inherited)",
				);
				GCC_WARN_64_TO_32_BIT_CONVERSION = YES;
				GCC_WARN_ABOUT_RETURN_TYPE = YES_ERROR;
				GCC_WARN_UNDECLARED_SELECTOR = YES;
				GCC_WARN_UNINITIALIZED_AUTOS = YES_AGGRESSIVE;
				GCC_WARN_UNUSED_FUNCTION = YES;
				GCC_WARN_UNUSED_VARIABLE = YES;
				IPHONEOS_DEPLOYMENT_TARGET = 12.2;
				MTL_ENABLE_DEBUG_INFO = INCLUDE_SOURCE;
				MTL_FAST_MATH = YES;
				ONLY_ACTIVE_ARCH = YES;
				SDKROOT = iphoneos;
			};
			name = Debug;
		};
		89A438C222B0D19900555B98 /* Release */ = {
			isa = XCBuildConfiguration;
			buildSettings = {
				ALWAYS_SEARCH_USER_PATHS = NO;
				CLANG_ANALYZER_LOCALIZABILITY_NONLOCALIZED = YES;
				CLANG_ANALYZER_NONNULL = YES;
				CLANG_ANALYZER_NUMBER_OBJECT_CONVERSION = YES_AGGRESSIVE;
				CLANG_CXX_LANGUAGE_STANDARD = "gnu++14";
				CLANG_CXX_LIBRARY = "libc++";
				CLANG_ENABLE_MODULES = YES;
				CLANG_ENABLE_OBJC_ARC = YES;
				CLANG_ENABLE_OBJC_WEAK = YES;
				CLANG_WARN_BLOCK_CAPTURE_AUTORELEASING = YES;
				CLANG_WARN_BOOL_CONVERSION = YES;
				CLANG_WARN_COMMA = YES;
				CLANG_WARN_CONSTANT_CONVERSION = YES;
				CLANG_WARN_DEPRECATED_OBJC_IMPLEMENTATIONS = YES;
				CLANG_WARN_DIRECT_OBJC_ISA_USAGE = YES_ERROR;
				CLANG_WARN_DOCUMENTATION_COMMENTS = YES;
				CLANG_WARN_EMPTY_BODY = YES;
				CLANG_WARN_ENUM_CONVERSION = YES;
				CLANG_WARN_INFINITE_RECURSION = YES;
				CLANG_WARN_INT_CONVERSION = YES;
				CLANG_WARN_NON_LITERAL_NULL_CONVERSION = YES;
				CLANG_WARN_OBJC_IMPLICIT_RETAIN_SELF = YES;
				CLANG_WARN_OBJC_LITERAL_CONVERSION = YES;
				CLANG_WARN_OBJC_ROOT_CLASS = YES_ERROR;
				CLANG_WARN_RANGE_LOOP_ANALYSIS = YES;
				CLANG_WARN_STRICT_PROTOTYPES = YES;
				CLANG_WARN_SUSPICIOUS_MOVE = YES;
				CLANG_WARN_UNGUARDED_AVAILABILITY = YES_AGGRESSIVE;
				CLANG_WARN_UNREACHABLE_CODE = YES;
				CLANG_WARN__DUPLICATE_METHOD_MATCH = YES;
				CODE_SIGN_IDENTITY = "iPhone Developer";
				COPY_PHASE_STRIP = NO;
				DEBUG_INFORMATION_FORMAT = "dwarf-with-dsym";
				ENABLE_NS_ASSERTIONS = NO;
				ENABLE_STRICT_OBJC_MSGSEND = YES;
				GCC_C_LANGUAGE_STANDARD = gnu11;
				GCC_NO_COMMON_BLOCKS = YES;
				GCC_WARN_64_TO_32_BIT_CONVERSION = YES;
				GCC_WARN_ABOUT_RETURN_TYPE = YES_ERROR;
				GCC_WARN_UNDECLARED_SELECTOR = YES;
				GCC_WARN_UNINITIALIZED_AUTOS = YES_AGGRESSIVE;
				GCC_WARN_UNUSED_FUNCTION = YES;
				GCC_WARN_UNUSED_VARIABLE = YES;
				IPHONEOS_DEPLOYMENT_TARGET = 12.2;
				MTL_ENABLE_DEBUG_INFO = NO;
				MTL_FAST_MATH = YES;
				SDKROOT = iphoneos;
				VALIDATE_PRODUCT = YES;
			};
			name = Release;
		};
		89A438C422B0D19900555B98 /* Debug */ = {
			isa = XCBuildConfiguration;
			baseConfigurationReference = 4674C6148BD9C164A509FD6C /* Pods-FitCloudKitDemo.debug.xcconfig */;
			buildSettings = {
				ASSETCATALOG_COMPILER_APPICON_NAME = AppIcon;
				CODE_SIGN_STYLE = Automatic;
				DEVELOPMENT_TEAM = "";
				"EXCLUDED_ARCHS[sdk=iphonesimulator*]" = arm64;
				GCC_PRECOMPILE_PREFIX_HEADER = YES;
				GCC_PREFIX_HEADER = "$(SRCROOT)/FitCloudKitDemo/FitCloudKitDemo-Prefix.pch";
				INFOPLIST_FILE = FitCloudKitDemo/Info.plist;
				LD_RUNPATH_SEARCH_PATHS = (
					"$(inherited)",
					"@executable_path/Frameworks",
				);
				PRODUCT_BUNDLE_IDENTIFIER = com.topstep.FitCloudKitDemo;
				PRODUCT_NAME = "$(TARGET_NAME)";
				TARGETED_DEVICE_FAMILY = 1;
			};
			name = Debug;
		};
		89A438C522B0D19900555B98 /* Release */ = {
			isa = XCBuildConfiguration;
			baseConfigurationReference = 1511A057B1CD59EA0B4E8EED /* Pods-FitCloudKitDemo.release.xcconfig */;
			buildSettings = {
				ASSETCATALOG_COMPILER_APPICON_NAME = AppIcon;
				CODE_SIGN_STYLE = Automatic;
				DEVELOPMENT_TEAM = "";
				"EXCLUDED_ARCHS[sdk=iphonesimulator*]" = arm64;
				GCC_PRECOMPILE_PREFIX_HEADER = YES;
				GCC_PREFIX_HEADER = "$(SRCROOT)/FitCloudKitDemo/FitCloudKitDemo-Prefix.pch";
				INFOPLIST_FILE = FitCloudKitDemo/Info.plist;
				LD_RUNPATH_SEARCH_PATHS = (
					"$(inherited)",
					"@executable_path/Frameworks",
				);
				PRODUCT_BUNDLE_IDENTIFIER = com.topstep.FitCloudKitDemo;
				PRODUCT_NAME = "$(TARGET_NAME)";
				TARGETED_DEVICE_FAMILY = 1;
			};
			name = Release;
		};
/* End XCBuildConfiguration section */

/* Begin XCConfigurationList section */
		89A438A822B0D19700555B98 /* Build configuration list for PBXProject "FitCloudKitDemo" */ = {
			isa = XCConfigurationList;
			buildConfigurations = (
				89A438C122B0D19900555B98 /* Debug */,
				89A438C222B0D19900555B98 /* Release */,
			);
			defaultConfigurationIsVisible = 0;
			defaultConfigurationName = Release;
		};
		89A438C322B0D19900555B98 /* Build configuration list for PBXNativeTarget "FitCloudKitDemo" */ = {
			isa = XCConfigurationList;
			buildConfigurations = (
				89A438C422B0D19900555B98 /* Debug */,
				89A438C522B0D19900555B98 /* Release */,
			);
			defaultConfigurationIsVisible = 0;
			defaultConfigurationName = Release;
		};
/* End XCConfigurationList section */
	};
	rootObject = 89A438A522B0D19700555B98 /* Project object */;
}
