// !$*UTF8*$!
{
	archiveVersion = 1;
	classes = {
	};
	objectVersion = 56;
	objects = {

/* Begin PBXBuildFile section */
		890E6B212A868C81007A7C89 /* SyncWomenHealthConfigOperation.swift in Sources */ = {isa = PBXBuildFile; fileRef = 890E6B202A868C81007A7C89 /* SyncWomenHealthConfigOperation.swift */; };
		89E34C582A5E909700B947BF /* AppDelegate.swift in Sources */ = {isa = PBXBuildFile; fileRef = 89E34C572A5E909700B947BF /* AppDelegate.swift */; };
		89E34C5A2A5E909700B947BF /* SceneDelegate.swift in Sources */ = {isa = PBXBuildFile; fileRef = 89E34C592A5E909700B947BF /* SceneDelegate.swift */; };
		89E34C5C2A5E909700B947BF /* ViewController.swift in Sources */ = {isa = PBXBuildFile; fileRef = 89E34C5B2A5E909700B947BF /* ViewController.swift */; };
		89E34C5F2A5E909700B947BF /* Main.storyboard in Resources */ = {isa = PBXBuildFile; fileRef = 89E34C5D2A5E909700B947BF /* Main.storyboard */; };
		89E34C612A5E909800B947BF /* Assets.xcassets in Resources */ = {isa = PBXBuildFile; fileRef = 89E34C602A5E909800B947BF /* Assets.xcassets */; };
		89E34C642A5E909800B947BF /* LaunchScreen.storyboard in Resources */ = {isa = PBXBuildFile; fileRef = 89E34C622A5E909800B947BF /* LaunchScreen.storyboard */; };
		89E34C752A5EA7C800B947BF /* Localizable.strings in Resources */ = {isa = PBXBuildFile; fileRef = 89E34C772A5EA7C800B947BF /* Localizable.strings */; };
		C271D2C6735BF09FDF3B32D6 /* Pods_WomenHealthDemo.framework in Frameworks */ = {isa = PBXBuildFile; fileRef = 6466CCE8E7CD106CC73A9835 /* Pods_WomenHealthDemo.framework */; };
/* End PBXBuildFile section */

/* Begin PBXFileReference section */
		6466CCE8E7CD106CC73A9835 /* Pods_WomenHealthDemo.framework */ = {isa = PBXFileReference; explicitFileType = wrapper.framework; includeInIndex = 0; path = Pods_WomenHealthDemo.framework; sourceTree = BUILT_PRODUCTS_DIR; };
		890E6B202A868C81007A7C89 /* SyncWomenHealthConfigOperation.swift */ = {isa = PBXFileReference; fileEncoding = 4; lastKnownFileType = sourcecode.swift; path = SyncWomenHealthConfigOperation.swift; sourceTree = "<group>"; };
		89E34C542A5E909700B947BF /* WomenHealthDemo.app */ = {isa = PBXFileReference; explicitFileType = wrapper.application; includeInIndex = 0; path = WomenHealthDemo.app; sourceTree = BUILT_PRODUCTS_DIR; };
		89E34C572A5E909700B947BF /* AppDelegate.swift */ = {isa = PBXFileReference; lastKnownFileType = sourcecode.swift; path = AppDelegate.swift; sourceTree = "<group>"; };
		89E34C592A5E909700B947BF /* SceneDelegate.swift */ = {isa = PBXFileReference; lastKnownFileType = sourcecode.swift; path = SceneDelegate.swift; sourceTree = "<group>"; };
		89E34C5B2A5E909700B947BF /* ViewController.swift */ = {isa = PBXFileReference; lastKnownFileType = sourcecode.swift; path = ViewController.swift; sourceTree = "<group>"; };
		89E34C5E2A5E909700B947BF /* Base */ = {isa = PBXFileReference; lastKnownFileType = file.storyboard; name = Base; path = Base.lproj/Main.storyboard; sourceTree = "<group>"; };
		89E34C602A5E909800B947BF /* Assets.xcassets */ = {isa = PBXFileReference; lastKnownFileType = folder.assetcatalog; path = Assets.xcassets; sourceTree = "<group>"; };
		89E34C632A5E909800B947BF /* Base */ = {isa = PBXFileReference; lastKnownFileType = file.storyboard; name = Base; path = Base.lproj/LaunchScreen.storyboard; sourceTree = "<group>"; };
		89E34C652A5E909800B947BF /* Info.plist */ = {isa = PBXFileReference; lastKnownFileType = text.plist.xml; path = Info.plist; sourceTree = "<group>"; };
		89E34C762A5EA7C800B947BF /* en */ = {isa = PBXFileReference; lastKnownFileType = text.plist.strings; name = en; path = en.lproj/Localizable.strings; sourceTree = "<group>"; };
		89E34C782A5EA7CD00B947BF /* zh-Hans */ = {isa = PBXFileReference; lastKnownFileType = text.plist.strings; name = "zh-Hans"; path = "zh-Hans.lproj/Localizable.strings"; sourceTree = "<group>"; };
		C7BD37B1D4891910E0122161 /* Pods-WomenHealthDemo.debug.xcconfig */ = {isa = PBXFileReference; includeInIndex = 1; lastKnownFileType = text.xcconfig; name = "Pods-WomenHealthDemo.debug.xcconfig"; path = "Target Support Files/Pods-WomenHealthDemo/Pods-WomenHealthDemo.debug.xcconfig"; sourceTree = "<group>"; };
		F4C6E53C8A4C046621F28138 /* Pods-WomenHealthDemo.release.xcconfig */ = {isa = PBXFileReference; includeInIndex = 1; lastKnownFileType = text.xcconfig; name = "Pods-WomenHealthDemo.release.xcconfig"; path = "Target Support Files/Pods-WomenHealthDemo/Pods-WomenHealthDemo.release.xcconfig"; sourceTree = "<group>"; };
/* End PBXFileReference section */

/* Begin PBXFrameworksBuildPhase section */
		89E34C512A5E909700B947BF /* Frameworks */ = {
			isa = PBXFrameworksBuildPhase;
			buildActionMask = 2147483647;
			files = (
				C271D2C6735BF09FDF3B32D6 /* Pods_WomenHealthDemo.framework in Frameworks */,
			);
			runOnlyForDeploymentPostprocessing = 0;
		};
/* End PBXFrameworksBuildPhase section */

/* Begin PBXGroup section */
		89E34C4B2A5E909700B947BF = {
			isa = PBXGroup;
			children = (
				89E34C562A5E909700B947BF /* WomenHealthDemo */,
				89E34C552A5E909700B947BF /* Products */,
				AC8BAAAE0982EDA5202DECF6 /* Pods */,
				A976B1162C1A55E7F8F977A9 /* Frameworks */,
			);
			sourceTree = "<group>";
		};
		89E34C552A5E909700B947BF /* Products */ = {
			isa = PBXGroup;
			children = (
				89E34C542A5E909700B947BF /* WomenHealthDemo.app */,
			);
			name = Products;
			sourceTree = "<group>";
		};
		89E34C562A5E909700B947BF /* WomenHealthDemo */ = {
			isa = PBXGroup;
			children = (
				890E6B202A868C81007A7C89 /* SyncWomenHealthConfigOperation.swift */,
				89E34C572A5E909700B947BF /* AppDelegate.swift */,
				89E34C592A5E909700B947BF /* SceneDelegate.swift */,
				89E34C5B2A5E909700B947BF /* ViewController.swift */,
				89E34C5D2A5E909700B947BF /* Main.storyboard */,
				89E34C602A5E909800B947BF /* Assets.xcassets */,
				89E34C622A5E909800B947BF /* LaunchScreen.storyboard */,
				89E34C652A5E909800B947BF /* Info.plist */,
				89E34C772A5EA7C800B947BF /* Localizable.strings */,
			);
			path = WomenHealthDemo;
			sourceTree = "<group>";
		};
		A976B1162C1A55E7F8F977A9 /* Frameworks */ = {
			isa = PBXGroup;
			children = (
				6466CCE8E7CD106CC73A9835 /* Pods_WomenHealthDemo.framework */,
			);
			name = Frameworks;
			sourceTree = "<group>";
		};
		AC8BAAAE0982EDA5202DECF6 /* Pods */ = {
			isa = PBXGroup;
			children = (
				C7BD37B1D4891910E0122161 /* Pods-WomenHealthDemo.debug.xcconfig */,
				F4C6E53C8A4C046621F28138 /* Pods-WomenHealthDemo.release.xcconfig */,
			);
			path = Pods;
			sourceTree = "<group>";
		};
/* End PBXGroup section */

/* Begin PBXNativeTarget section */
		89E34C532A5E909700B947BF /* WomenHealthDemo */ = {
			isa = PBXNativeTarget;
			buildConfigurationList = 89E34C682A5E909800B947BF /* Build configuration list for PBXNativeTarget "WomenHealthDemo" */;
			buildPhases = (
				1FD83D25F931BF4FCF42F677 /* [CP] Check Pods Manifest.lock */,
				89E34C502A5E909700B947BF /* Sources */,
				89E34C512A5E909700B947BF /* Frameworks */,
				89E34C522A5E909700B947BF /* Resources */,
				92561EFD68F6CB4715F96F8F /* [CP] Copy Pods Resources */,
				5C9D12B868FEA3C06AB98F8E /* [CP] Embed Pods Frameworks */,
			);
			buildRules = (
			);
			dependencies = (
			);
			name = WomenHealthDemo;
			productName = WomenHealthDemo;
			productReference = 89E34C542A5E909700B947BF /* WomenHealthDemo.app */;
			productType = "com.apple.product-type.application";
		};
/* End PBXNativeTarget section */

/* Begin PBXProject section */
		89E34C4C2A5E909700B947BF /* Project object */ = {
			isa = PBXProject;
			attributes = {
				BuildIndependentTargetsInParallel = 1;
				LastSwiftUpdateCheck = 1430;
				LastUpgradeCheck = 1430;
				TargetAttributes = {
					89E34C532A5E909700B947BF = {
						CreatedOnToolsVersion = 14.3.1;
					};
				};
			};
			buildConfigurationList = 89E34C4F2A5E909700B947BF /* Build configuration list for PBXProject "WomenHealthDemo" */;
			compatibilityVersion = "Xcode 14.0";
			developmentRegion = en;
			hasScannedForEncodings = 0;
			knownRegions = (
				en,
				Base,
				"zh-Hans",
			);
			mainGroup = 89E34C4B2A5E909700B947BF;
			productRefGroup = 89E34C552A5E909700B947BF /* Products */;
			projectDirPath = "";
			projectRoot = "";
			targets = (
				89E34C532A5E909700B947BF /* WomenHealthDemo */,
			);
		};
/* End PBXProject section */

/* Begin PBXResourcesBuildPhase section */
		89E34C522A5E909700B947BF /* Resources */ = {
			isa = PBXResourcesBuildPhase;
			buildActionMask = 2147483647;
			files = (
				89E34C642A5E909800B947BF /* LaunchScreen.storyboard in Resources */,
				89E34C752A5EA7C800B947BF /* Localizable.strings in Resources */,
				89E34C612A5E909800B947BF /* Assets.xcassets in Resources */,
				89E34C5F2A5E909700B947BF /* Main.storyboard in Resources */,
			);
			runOnlyForDeploymentPostprocessing = 0;
		};
/* End PBXResourcesBuildPhase section */

/* Begin PBXShellScriptBuildPhase section */
		1FD83D25F931BF4FCF42F677 /* [CP] Check Pods Manifest.lock */ = {
			isa = PBXShellScriptBuildPhase;
			buildActionMask = 2147483647;
			files = (
			);
			inputFileListPaths = (
			);
			inputPaths = (
				"${PODS_PODFILE_DIR_PATH}/Podfile.lock",
				"${PODS_ROOT}/Manifest.lock",
			);
			name = "[CP] Check Pods Manifest.lock";
			outputFileListPaths = (
			);
			outputPaths = (
				"$(DERIVED_FILE_DIR)/Pods-WomenHealthDemo-checkManifestLockResult.txt",
			);
			runOnlyForDeploymentPostprocessing = 0;
			shellPath = /bin/sh;
			shellScript = "diff \"${PODS_PODFILE_DIR_PATH}/Podfile.lock\" \"${PODS_ROOT}/Manifest.lock\" > /dev/null\nif [ $? != 0 ] ; then\n    # print error to STDERR\n    echo \"error: The sandbox is not in sync with the Podfile.lock. Run 'pod install' or update your CocoaPods installation.\" >&2\n    exit 1\nfi\n# This output is used by Xcode 'outputs' to avoid re-running this script phase.\necho \"SUCCESS\" > \"${SCRIPT_OUTPUT_FILE_0}\"\n";
			showEnvVarsInLog = 0;
		};
		5C9D12B868FEA3C06AB98F8E /* [CP] Embed Pods Frameworks */ = {
			isa = PBXShellScriptBuildPhase;
			buildActionMask = 2147483647;
			files = (
			);
			inputFileListPaths = (
				"${PODS_ROOT}/Target Support Files/Pods-WomenHealthDemo/Pods-WomenHealthDemo-frameworks-${CONFIGURATION}-input-files.xcfilelist",
			);
			name = "[CP] Embed Pods Frameworks";
			outputFileListPaths = (
				"${PODS_ROOT}/Target Support Files/Pods-WomenHealthDemo/Pods-WomenHealthDemo-frameworks-${CONFIGURATION}-output-files.xcfilelist",
			);
			runOnlyForDeploymentPostprocessing = 0;
			shellPath = /bin/sh;
			shellScript = "\"${PODS_ROOT}/Target Support Files/Pods-WomenHealthDemo/Pods-WomenHealthDemo-frameworks.sh\"\n";
			showEnvVarsInLog = 0;
		};
		92561EFD68F6CB4715F96F8F /* [CP] Copy Pods Resources */ = {
			isa = PBXShellScriptBuildPhase;
			buildActionMask = 2147483647;
			files = (
			);
			inputFileListPaths = (
				"${PODS_ROOT}/Target Support Files/Pods-WomenHealthDemo/Pods-WomenHealthDemo-resources-${CONFIGURATION}-input-files.xcfilelist",
			);
			name = "[CP] Copy Pods Resources";
			outputFileListPaths = (
				"${PODS_ROOT}/Target Support Files/Pods-WomenHealthDemo/Pods-WomenHealthDemo-resources-${CONFIGURATION}-output-files.xcfilelist",
			);
			runOnlyForDeploymentPostprocessing = 0;
			shellPath = /bin/sh;
			shellScript = "\"${PODS_ROOT}/Target Support Files/Pods-WomenHealthDemo/Pods-WomenHealthDemo-resources.sh\"\n";
			showEnvVarsInLog = 0;
		};
/* End PBXShellScriptBuildPhase section */

/* Begin PBXSourcesBuildPhase section */
		89E34C502A5E909700B947BF /* Sources */ = {
			isa = PBXSourcesBuildPhase;
			buildActionMask = 2147483647;
			files = (
				89E34C5C2A5E909700B947BF /* ViewController.swift in Sources */,
				89E34C582A5E909700B947BF /* AppDelegate.swift in Sources */,
				89E34C5A2A5E909700B947BF /* SceneDelegate.swift in Sources */,
				890E6B212A868C81007A7C89 /* SyncWomenHealthConfigOperation.swift in Sources */,
			);
			runOnlyForDeploymentPostprocessing = 0;
		};
/* End PBXSourcesBuildPhase section */

/* Begin PBXVariantGroup section */
		89E34C5D2A5E909700B947BF /* Main.storyboard */ = {
			isa = PBXVariantGroup;
			children = (
				89E34C5E2A5E909700B947BF /* Base */,
			);
			name = Main.storyboard;
			sourceTree = "<group>";
		};
		89E34C622A5E909800B947BF /* LaunchScreen.storyboard */ = {
			isa = PBXVariantGroup;
			children = (
				89E34C632A5E909800B947BF /* Base */,
			);
			name = LaunchScreen.storyboard;
			sourceTree = "<group>";
		};
		89E34C772A5EA7C800B947BF /* Localizable.strings */ = {
			isa = PBXVariantGroup;
			children = (
				89E34C762A5EA7C800B947BF /* en */,
				89E34C782A5EA7CD00B947BF /* zh-Hans */,
			);
			name = Localizable.strings;
			sourceTree = "<group>";
		};
/* End PBXVariantGroup section */

/* Begin XCBuildConfiguration section */
		89E34C662A5E909800B947BF /* Debug */ = {
			isa = XCBuildConfiguration;
			buildSettings = {
				ALWAYS_SEARCH_USER_PATHS = NO;
				CLANG_ANALYZER_LOCALIZABILITY_NONLOCALIZED = YES;
				CLANG_ANALYZER_NONNULL = YES;
				CLANG_ANALYZER_NUMBER_OBJECT_CONVERSION = YES_AGGRESSIVE;
				CLANG_CXX_LANGUAGE_STANDARD = "gnu++20";
				CLANG_ENABLE_MODULES = YES;
				CLANG_ENABLE_OBJC_ARC = YES;
				CLANG_ENABLE_OBJC_WEAK = YES;
				CLANG_WARN_BLOCK_CAPTURE_AUTORELEASING = YES;
				CLANG_WARN_BOOL_CONVERSION = YES;
				CLANG_WARN_COMMA = YES;
				CLANG_WARN_CONSTANT_CONVERSION = YES;
				CLANG_WARN_DEPRECATED_OBJC_IMPLEMENTATIONS = YES;
				CLANG_WARN_DIRECT_OBJC_ISA_USAGE = YES_ERROR;
				CLANG_WARN_DOCUMENTATION_COMMENTS = YES;
				CLANG_WARN_EMPTY_BODY = YES;
				CLANG_WARN_ENUM_CONVERSION = YES;
				CLANG_WARN_INFINITE_RECURSION = YES;
				CLANG_WARN_INT_CONVERSION = YES;
				CLANG_WARN_NON_LITERAL_NULL_CONVERSION = YES;
				CLANG_WARN_OBJC_IMPLICIT_RETAIN_SELF = YES;
				CLANG_WARN_OBJC_LITERAL_CONVERSION = YES;
				CLANG_WARN_OBJC_ROOT_CLASS = YES_ERROR;
				CLANG_WARN_QUOTED_INCLUDE_IN_FRAMEWORK_HEADER = YES;
				CLANG_WARN_RANGE_LOOP_ANALYSIS = YES;
				CLANG_WARN_STRICT_PROTOTYPES = YES;
				CLANG_WARN_SUSPICIOUS_MOVE = YES;
				CLANG_WARN_UNGUARDED_AVAILABILITY = YES_AGGRESSIVE;
				CLANG_WARN_UNREACHABLE_CODE = YES;
				CLANG_WARN__DUPLICATE_METHOD_MATCH = YES;
				COPY_PHASE_STRIP = NO;
				DEBUG_INFORMATION_FORMAT = dwarf;
				ENABLE_STRICT_OBJC_MSGSEND = YES;
				ENABLE_TESTABILITY = YES;
				GCC_C_LANGUAGE_STANDARD = gnu11;
				GCC_DYNAMIC_NO_PIC = NO;
				GCC_NO_COMMON_BLOCKS = YES;
				GCC_OPTIMIZATION_LEVEL = 0;
				GCC_PREPROCESSOR_DEFINITIONS = (
					"DEBUG=1",
					"$(inherited)",
				);
				GCC_WARN_64_TO_32_BIT_CONVERSION = YES;
				GCC_WARN_ABOUT_RETURN_TYPE = YES_ERROR;
				GCC_WARN_UNDECLARED_SELECTOR = YES;
				GCC_WARN_UNINITIALIZED_AUTOS = YES_AGGRESSIVE;
				GCC_WARN_UNUSED_FUNCTION = YES;
				GCC_WARN_UNUSED_VARIABLE = YES;
				IPHONEOS_DEPLOYMENT_TARGET = 13.0;
				MTL_ENABLE_DEBUG_INFO = INCLUDE_SOURCE;
				MTL_FAST_MATH = YES;
				ONLY_ACTIVE_ARCH = YES;
				SDKROOT = iphoneos;
				SWIFT_ACTIVE_COMPILATION_CONDITIONS = DEBUG;
				SWIFT_OPTIMIZATION_LEVEL = "-Onone";
			};
			name = Debug;
		};
		89E34C672A5E909800B947BF /* Release */ = {
			isa = XCBuildConfiguration;
			buildSettings = {
				ALWAYS_SEARCH_USER_PATHS = NO;
				CLANG_ANALYZER_LOCALIZABILITY_NONLOCALIZED = YES;
				CLANG_ANALYZER_NONNULL = YES;
				CLANG_ANALYZER_NUMBER_OBJECT_CONVERSION = YES_AGGRESSIVE;
				CLANG_CXX_LANGUAGE_STANDARD = "gnu++20";
				CLANG_ENABLE_MODULES = YES;
				CLANG_ENABLE_OBJC_ARC = YES;
				CLANG_ENABLE_OBJC_WEAK = YES;
				CLANG_WARN_BLOCK_CAPTURE_AUTORELEASING = YES;
				CLANG_WARN_BOOL_CONVERSION = YES;
				CLANG_WARN_COMMA = YES;
				CLANG_WARN_CONSTANT_CONVERSION = YES;
				CLANG_WARN_DEPRECATED_OBJC_IMPLEMENTATIONS = YES;
				CLANG_WARN_DIRECT_OBJC_ISA_USAGE = YES_ERROR;
				CLANG_WARN_DOCUMENTATION_COMMENTS = YES;
				CLANG_WARN_EMPTY_BODY = YES;
				CLANG_WARN_ENUM_CONVERSION = YES;
				CLANG_WARN_INFINITE_RECURSION = YES;
				CLANG_WARN_INT_CONVERSION = YES;
				CLANG_WARN_NON_LITERAL_NULL_CONVERSION = YES;
				CLANG_WARN_OBJC_IMPLICIT_RETAIN_SELF = YES;
				CLANG_WARN_OBJC_LITERAL_CONVERSION = YES;
				CLANG_WARN_OBJC_ROOT_CLASS = YES_ERROR;
				CLANG_WARN_QUOTED_INCLUDE_IN_FRAMEWORK_HEADER = YES;
				CLANG_WARN_RANGE_LOOP_ANALYSIS = YES;
				CLANG_WARN_STRICT_PROTOTYPES = YES;
				CLANG_WARN_SUSPICIOUS_MOVE = YES;
				CLANG_WARN_UNGUARDED_AVAILABILITY = YES_AGGRESSIVE;
				CLANG_WARN_UNREACHABLE_CODE = YES;
				CLANG_WARN__DUPLICATE_METHOD_MATCH = YES;
				COPY_PHASE_STRIP = NO;
				DEBUG_INFORMATION_FORMAT = "dwarf-with-dsym";
				ENABLE_NS_ASSERTIONS = NO;
				ENABLE_STRICT_OBJC_MSGSEND = YES;
				GCC_C_LANGUAGE_STANDARD = gnu11;
				GCC_NO_COMMON_BLOCKS = YES;
				GCC_WARN_64_TO_32_BIT_CONVERSION = YES;
				GCC_WARN_ABOUT_RETURN_TYPE = YES_ERROR;
				GCC_WARN_UNDECLARED_SELECTOR = YES;
				GCC_WARN_UNINITIALIZED_AUTOS = YES_AGGRESSIVE;
				GCC_WARN_UNUSED_FUNCTION = YES;
				GCC_WARN_UNUSED_VARIABLE = YES;
				IPHONEOS_DEPLOYMENT_TARGET = 13.0;
				MTL_ENABLE_DEBUG_INFO = NO;
				MTL_FAST_MATH = YES;
				SDKROOT = iphoneos;
				SWIFT_COMPILATION_MODE = wholemodule;
				SWIFT_OPTIMIZATION_LEVEL = "-O";
				VALIDATE_PRODUCT = YES;
			};
			name = Release;
		};
		89E34C692A5E909800B947BF /* Debug */ = {
			isa = XCBuildConfiguration;
			baseConfigurationReference = C7BD37B1D4891910E0122161 /* Pods-WomenHealthDemo.debug.xcconfig */;
			buildSettings = {
				ARCHS = "$(ARCHS_STANDARD)";
				ASSETCATALOG_COMPILER_APPICON_NAME = AppIcon;
				ASSETCATALOG_COMPILER_GLOBAL_ACCENT_COLOR_NAME = AccentColor;
				CODE_SIGN_STYLE = Automatic;
				CURRENT_PROJECT_VERSION = 202308120001;
				DEVELOPMENT_TEAM = "";
				"EXCLUDED_ARCHS[sdk=iphonesimulator*]" = arm64;
				FRAMEWORK_SEARCH_PATHS = (
					"$(inherited)",
					"$(PROJECT_DIR)/WomenHealthDemo",
				);
				GENERATE_INFOPLIST_FILE = YES;
				INFOPLIST_FILE = WomenHealthDemo/Info.plist;
				INFOPLIST_KEY_CFBundleDisplayName = "女性健康";
				INFOPLIST_KEY_UIApplicationSupportsIndirectInputEvents = YES;
				INFOPLIST_KEY_UILaunchStoryboardName = LaunchScreen;
				INFOPLIST_KEY_UIMainStoryboardFile = Main;
				INFOPLIST_KEY_UISupportedInterfaceOrientations_iPad = "UIInterfaceOrientationPortrait UIInterfaceOrientationPortraitUpsideDown UIInterfaceOrientationLandscapeLeft UIInterfaceOrientationLandscapeRight";
				INFOPLIST_KEY_UISupportedInterfaceOrientations_iPhone = "UIInterfaceOrientationPortrait UIInterfaceOrientationLandscapeLeft UIInterfaceOrientationLandscapeRight";
				LD_RUNPATH_SEARCH_PATHS = (
					"$(inherited)",
					"@executable_path/Frameworks",
				);
				LIBRARY_SEARCH_PATHS = (
					"$(inherited)",
					"$(SDKROOT)/usr/lib/swift",
				);
				MARKETING_VERSION = 1.0.0;
				ONLY_ACTIVE_ARCH = YES;
				PRODUCT_BUNDLE_IDENTIFIER = com.topstep.WomenHealthDemo;
				PRODUCT_NAME = "$(TARGET_NAME)";
				SWIFT_EMIT_LOC_STRINGS = YES;
				SWIFT_VERSION = 5.0;
				TARGETED_DEVICE_FAMILY = "1,2";
			};
			name = Debug;
		};
		89E34C6A2A5E909800B947BF /* Release */ = {
			isa = XCBuildConfiguration;
			baseConfigurationReference = F4C6E53C8A4C046621F28138 /* Pods-WomenHealthDemo.release.xcconfig */;
			buildSettings = {
				ARCHS = "$(ARCHS_STANDARD)";
				ASSETCATALOG_COMPILER_APPICON_NAME = AppIcon;
				ASSETCATALOG_COMPILER_GLOBAL_ACCENT_COLOR_NAME = AccentColor;
				CODE_SIGN_STYLE = Automatic;
				CURRENT_PROJECT_VERSION = 202308120001;
				DEVELOPMENT_TEAM = "";
				"EXCLUDED_ARCHS[sdk=iphonesimulator*]" = arm64;
				FRAMEWORK_SEARCH_PATHS = (
					"$(inherited)",
					"$(PROJECT_DIR)/WomenHealthDemo",
				);
				GENERATE_INFOPLIST_FILE = YES;
				INFOPLIST_FILE = WomenHealthDemo/Info.plist;
				INFOPLIST_KEY_CFBundleDisplayName = "女性健康";
				INFOPLIST_KEY_UIApplicationSupportsIndirectInputEvents = YES;
				INFOPLIST_KEY_UILaunchStoryboardName = LaunchScreen;
				INFOPLIST_KEY_UIMainStoryboardFile = Main;
				INFOPLIST_KEY_UISupportedInterfaceOrientations_iPad = "UIInterfaceOrientationPortrait UIInterfaceOrientationPortraitUpsideDown UIInterfaceOrientationLandscapeLeft UIInterfaceOrientationLandscapeRight";
				INFOPLIST_KEY_UISupportedInterfaceOrientations_iPhone = "UIInterfaceOrientationPortrait UIInterfaceOrientationLandscapeLeft UIInterfaceOrientationLandscapeRight";
				LD_RUNPATH_SEARCH_PATHS = (
					"$(inherited)",
					"@executable_path/Frameworks",
				);
				LIBRARY_SEARCH_PATHS = (
					"$(inherited)",
					"$(SDKROOT)/usr/lib/swift",
				);
				MARKETING_VERSION = 1.0.0;
				ONLY_ACTIVE_ARCH = NO;
				PRODUCT_BUNDLE_IDENTIFIER = com.topstep.WomenHealthDemo;
				PRODUCT_NAME = "$(TARGET_NAME)";
				SWIFT_EMIT_LOC_STRINGS = YES;
				SWIFT_VERSION = 5.0;
				TARGETED_DEVICE_FAMILY = "1,2";
			};
			name = Release;
		};
/* End XCBuildConfiguration section */

/* Begin XCConfigurationList section */
		89E34C4F2A5E909700B947BF /* Build configuration list for PBXProject "WomenHealthDemo" */ = {
			isa = XCConfigurationList;
			buildConfigurations = (
				89E34C662A5E909800B947BF /* Debug */,
				89E34C672A5E909800B947BF /* Release */,
			);
			defaultConfigurationIsVisible = 0;
			defaultConfigurationName = Release;
		};
		89E34C682A5E909800B947BF /* Build configuration list for PBXNativeTarget "WomenHealthDemo" */ = {
			isa = XCConfigurationList;
			buildConfigurations = (
				89E34C692A5E909800B947BF /* Debug */,
				89E34C6A2A5E909800B947BF /* Release */,
			);
			defaultConfigurationIsVisible = 0;
			defaultConfigurationName = Release;
		};
/* End XCConfigurationList section */
	};
	rootObject = 89E34C4C2A5E909700B947BF /* Project object */;
}
