// !$*UTF8*$!
{
	archiveVersion = 1;
	classes = {
	};
	objectVersion = 56;
	objects = {

/* Begin PBXBuildFile section */
		893456062AF6855A00094315 /* AppDelegate.m in Sources */ = {isa = PBXBuildFile; fileRef = 893456052AF6855A00094315 /* AppDelegate.m */; };
		893456092AF6855A00094315 /* SceneDelegate.m in Sources */ = {isa = PBXBuildFile; fileRef = 893456082AF6855A00094315 /* SceneDelegate.m */; };
		8934560C2AF6855A00094315 /* ViewController.m in Sources */ = {isa = PBXBuildFile; fileRef = 8934560B2AF6855A00094315 /* ViewController.m */; };
		893456112AF6855B00094315 /* Assets.xcassets in Resources */ = {isa = PBXBuildFile; fileRef = 893456102AF6855B00094315 /* Assets.xcassets */; };
		893456172AF6855B00094315 /* main.m in Sources */ = {isa = PBXBuildFile; fileRef = 893456162AF6855B00094315 /* main.m */; };
		89644A702AF7530400A2CFC3 /* Main.storyboard in Resources */ = {isa = PBXBuildFile; fileRef = 89644A712AF7530400A2CFC3 /* Main.storyboard */; };
		89644A722AF7531600A2CFC3 /* LaunchScreen.storyboard in Resources */ = {isa = PBXBuildFile; fileRef = 89644A732AF7531600A2CFC3 /* LaunchScreen.storyboard */; };
		B35C741F5725611B37CDB39F /* Pods_RoutePlanDemo.framework in Frameworks */ = {isa = PBXBuildFile; fileRef = DB3E43753937BC4B05B2C11C /* Pods_RoutePlanDemo.framework */; };
/* End PBXBuildFile section */

/* Begin PBXFileReference section */
		893456012AF6855A00094315 /* RoutePlanDemo.app */ = {isa = PBXFileReference; explicitFileType = wrapper.application; includeInIndex = 0; path = RoutePlanDemo.app; sourceTree = BUILT_PRODUCTS_DIR; };
		893456042AF6855A00094315 /* AppDelegate.h */ = {isa = PBXFileReference; lastKnownFileType = sourcecode.c.h; path = AppDelegate.h; sourceTree = "<group>"; };
		893456052AF6855A00094315 /* AppDelegate.m */ = {isa = PBXFileReference; lastKnownFileType = sourcecode.c.objc; path = AppDelegate.m; sourceTree = "<group>"; };
		893456072AF6855A00094315 /* SceneDelegate.h */ = {isa = PBXFileReference; lastKnownFileType = sourcecode.c.h; path = SceneDelegate.h; sourceTree = "<group>"; };
		893456082AF6855A00094315 /* SceneDelegate.m */ = {isa = PBXFileReference; lastKnownFileType = sourcecode.c.objc; path = SceneDelegate.m; sourceTree = "<group>"; };
		8934560A2AF6855A00094315 /* ViewController.h */ = {isa = PBXFileReference; lastKnownFileType = sourcecode.c.h; path = ViewController.h; sourceTree = "<group>"; };
		8934560B2AF6855A00094315 /* ViewController.m */ = {isa = PBXFileReference; lastKnownFileType = sourcecode.c.objc; path = ViewController.m; sourceTree = "<group>"; };
		893456102AF6855B00094315 /* Assets.xcassets */ = {isa = PBXFileReference; lastKnownFileType = folder.assetcatalog; path = Assets.xcassets; sourceTree = "<group>"; };
		893456152AF6855B00094315 /* Info.plist */ = {isa = PBXFileReference; lastKnownFileType = text.plist.xml; path = Info.plist; sourceTree = "<group>"; };
		893456162AF6855B00094315 /* main.m */ = {isa = PBXFileReference; lastKnownFileType = sourcecode.c.objc; path = main.m; sourceTree = "<group>"; };
		89644A712AF7530400A2CFC3 /* Main.storyboard */ = {isa = PBXFileReference; lastKnownFileType = file.storyboard; path = Main.storyboard; sourceTree = "<group>"; };
		89644A732AF7531600A2CFC3 /* LaunchScreen.storyboard */ = {isa = PBXFileReference; lastKnownFileType = file.storyboard; path = LaunchScreen.storyboard; sourceTree = "<group>"; };
		CA69858902EC5A4429FE81EF /* Pods-RoutePlanDemo.debug.xcconfig */ = {isa = PBXFileReference; includeInIndex = 1; lastKnownFileType = text.xcconfig; name = "Pods-RoutePlanDemo.debug.xcconfig"; path = "Target Support Files/Pods-RoutePlanDemo/Pods-RoutePlanDemo.debug.xcconfig"; sourceTree = "<group>"; };
		DB3E43753937BC4B05B2C11C /* Pods_RoutePlanDemo.framework */ = {isa = PBXFileReference; explicitFileType = wrapper.framework; includeInIndex = 0; path = Pods_RoutePlanDemo.framework; sourceTree = BUILT_PRODUCTS_DIR; };
		E098B95DA1E96D7F61F46C2B /* Pods-RoutePlanDemo.release.xcconfig */ = {isa = PBXFileReference; includeInIndex = 1; lastKnownFileType = text.xcconfig; name = "Pods-RoutePlanDemo.release.xcconfig"; path = "Target Support Files/Pods-RoutePlanDemo/Pods-RoutePlanDemo.release.xcconfig"; sourceTree = "<group>"; };
/* End PBXFileReference section */

/* Begin PBXFrameworksBuildPhase section */
		893455FE2AF6855A00094315 /* Frameworks */ = {
			isa = PBXFrameworksBuildPhase;
			buildActionMask = 2147483647;
			files = (
				B35C741F5725611B37CDB39F /* Pods_RoutePlanDemo.framework in Frameworks */,
			);
			runOnlyForDeploymentPostprocessing = 0;
		};
/* End PBXFrameworksBuildPhase section */

/* Begin PBXGroup section */
		893455F82AF6855A00094315 = {
			isa = PBXGroup;
			children = (
				893456032AF6855A00094315 /* RoutePlanDemo */,
				893456022AF6855A00094315 /* Products */,
				F3E6A14FBF6E48D9FDCBA259 /* Pods */,
				B7ABC4E61ED0B2340F1AD72D /* Frameworks */,
			);
			sourceTree = "<group>";
		};
		893456022AF6855A00094315 /* Products */ = {
			isa = PBXGroup;
			children = (
				893456012AF6855A00094315 /* RoutePlanDemo.app */,
			);
			name = Products;
			sourceTree = "<group>";
		};
		893456032AF6855A00094315 /* RoutePlanDemo */ = {
			isa = PBXGroup;
			children = (
				89644A732AF7531600A2CFC3 /* LaunchScreen.storyboard */,
				89644A712AF7530400A2CFC3 /* Main.storyboard */,
				893456042AF6855A00094315 /* AppDelegate.h */,
				893456052AF6855A00094315 /* AppDelegate.m */,
				893456072AF6855A00094315 /* SceneDelegate.h */,
				893456082AF6855A00094315 /* SceneDelegate.m */,
				8934560A2AF6855A00094315 /* ViewController.h */,
				8934560B2AF6855A00094315 /* ViewController.m */,
				893456102AF6855B00094315 /* Assets.xcassets */,
				893456152AF6855B00094315 /* Info.plist */,
				893456162AF6855B00094315 /* main.m */,
			);
			path = RoutePlanDemo;
			sourceTree = "<group>";
		};
		B7ABC4E61ED0B2340F1AD72D /* Frameworks */ = {
			isa = PBXGroup;
			children = (
				DB3E43753937BC4B05B2C11C /* Pods_RoutePlanDemo.framework */,
			);
			name = Frameworks;
			sourceTree = "<group>";
		};
		F3E6A14FBF6E48D9FDCBA259 /* Pods */ = {
			isa = PBXGroup;
			children = (
				CA69858902EC5A4429FE81EF /* Pods-RoutePlanDemo.debug.xcconfig */,
				E098B95DA1E96D7F61F46C2B /* Pods-RoutePlanDemo.release.xcconfig */,
			);
			path = Pods;
			sourceTree = "<group>";
		};
/* End PBXGroup section */

/* Begin PBXNativeTarget section */
		893456002AF6855A00094315 /* RoutePlanDemo */ = {
			isa = PBXNativeTarget;
			buildConfigurationList = 8934561A2AF6855B00094315 /* Build configuration list for PBXNativeTarget "RoutePlanDemo" */;
			buildPhases = (
				4E17EC08CA29BB6AE27DA351 /* [CP] Check Pods Manifest.lock */,
				893455FD2AF6855A00094315 /* Sources */,
				893455FE2AF6855A00094315 /* Frameworks */,
				893455FF2AF6855A00094315 /* Resources */,
				C884C155A25E3788A8A94962 /* [CP] Embed Pods Frameworks */,
				205EC207902346032A71BC85 /* [CP] Copy Pods Resources */,
			);
			buildRules = (
			);
			dependencies = (
			);
			name = RoutePlanDemo;
			productName = RoutePlanDemo;
			productReference = 893456012AF6855A00094315 /* RoutePlanDemo.app */;
			productType = "com.apple.product-type.application";
		};
/* End PBXNativeTarget section */

/* Begin PBXProject section */
		893455F92AF6855A00094315 /* Project object */ = {
			isa = PBXProject;
			attributes = {
				BuildIndependentTargetsInParallel = 1;
				LastUpgradeCheck = 1500;
				TargetAttributes = {
					893456002AF6855A00094315 = {
						CreatedOnToolsVersion = 15.0;
					};
				};
			};
			buildConfigurationList = 893455FC2AF6855A00094315 /* Build configuration list for PBXProject "RoutePlanDemo" */;
			compatibilityVersion = "Xcode 14.0";
			developmentRegion = en;
			hasScannedForEncodings = 0;
			knownRegions = (
				en,
				"zh-Hans",
			);
			mainGroup = 893455F82AF6855A00094315;
			productRefGroup = 893456022AF6855A00094315 /* Products */;
			projectDirPath = "";
			projectRoot = "";
			targets = (
				893456002AF6855A00094315 /* RoutePlanDemo */,
			);
		};
/* End PBXProject section */

/* Begin PBXResourcesBuildPhase section */
		893455FF2AF6855A00094315 /* Resources */ = {
			isa = PBXResourcesBuildPhase;
			buildActionMask = 2147483647;
			files = (
				89644A722AF7531600A2CFC3 /* LaunchScreen.storyboard in Resources */,
				893456112AF6855B00094315 /* Assets.xcassets in Resources */,
				89644A702AF7530400A2CFC3 /* Main.storyboard in Resources */,
			);
			runOnlyForDeploymentPostprocessing = 0;
		};
/* End PBXResourcesBuildPhase section */

/* Begin PBXShellScriptBuildPhase section */
		205EC207902346032A71BC85 /* [CP] Copy Pods Resources */ = {
			isa = PBXShellScriptBuildPhase;
			buildActionMask = 2147483647;
			files = (
			);
			inputFileListPaths = (
				"${PODS_ROOT}/Target Support Files/Pods-RoutePlanDemo/Pods-RoutePlanDemo-resources-${CONFIGURATION}-input-files.xcfilelist",
			);
			name = "[CP] Copy Pods Resources";
			outputFileListPaths = (
				"${PODS_ROOT}/Target Support Files/Pods-RoutePlanDemo/Pods-RoutePlanDemo-resources-${CONFIGURATION}-output-files.xcfilelist",
			);
			runOnlyForDeploymentPostprocessing = 0;
			shellPath = /bin/sh;
			shellScript = "\"${PODS_ROOT}/Target Support Files/Pods-RoutePlanDemo/Pods-RoutePlanDemo-resources.sh\"\n";
			showEnvVarsInLog = 0;
		};
		4E17EC08CA29BB6AE27DA351 /* [CP] Check Pods Manifest.lock */ = {
			isa = PBXShellScriptBuildPhase;
			buildActionMask = 2147483647;
			files = (
			);
			inputFileListPaths = (
			);
			inputPaths = (
				"${PODS_PODFILE_DIR_PATH}/Podfile.lock",
				"${PODS_ROOT}/Manifest.lock",
			);
			name = "[CP] Check Pods Manifest.lock";
			outputFileListPaths = (
			);
			outputPaths = (
				"$(DERIVED_FILE_DIR)/Pods-RoutePlanDemo-checkManifestLockResult.txt",
			);
			runOnlyForDeploymentPostprocessing = 0;
			shellPath = /bin/sh;
			shellScript = "diff \"${PODS_PODFILE_DIR_PATH}/Podfile.lock\" \"${PODS_ROOT}/Manifest.lock\" > /dev/null\nif [ $? != 0 ] ; then\n    # print error to STDERR\n    echo \"error: The sandbox is not in sync with the Podfile.lock. Run 'pod install' or update your CocoaPods installation.\" >&2\n    exit 1\nfi\n# This output is used by Xcode 'outputs' to avoid re-running this script phase.\necho \"SUCCESS\" > \"${SCRIPT_OUTPUT_FILE_0}\"\n";
			showEnvVarsInLog = 0;
		};
		C884C155A25E3788A8A94962 /* [CP] Embed Pods Frameworks */ = {
			isa = PBXShellScriptBuildPhase;
			buildActionMask = 2147483647;
			files = (
			);
			inputFileListPaths = (
				"${PODS_ROOT}/Target Support Files/Pods-RoutePlanDemo/Pods-RoutePlanDemo-frameworks-${CONFIGURATION}-input-files.xcfilelist",
			);
			name = "[CP] Embed Pods Frameworks";
			outputFileListPaths = (
				"${PODS_ROOT}/Target Support Files/Pods-RoutePlanDemo/Pods-RoutePlanDemo-frameworks-${CONFIGURATION}-output-files.xcfilelist",
			);
			runOnlyForDeploymentPostprocessing = 0;
			shellPath = /bin/sh;
			shellScript = "\"${PODS_ROOT}/Target Support Files/Pods-RoutePlanDemo/Pods-RoutePlanDemo-frameworks.sh\"\n";
			showEnvVarsInLog = 0;
		};
/* End PBXShellScriptBuildPhase section */

/* Begin PBXSourcesBuildPhase section */
		893455FD2AF6855A00094315 /* Sources */ = {
			isa = PBXSourcesBuildPhase;
			buildActionMask = 2147483647;
			files = (
				8934560C2AF6855A00094315 /* ViewController.m in Sources */,
				893456062AF6855A00094315 /* AppDelegate.m in Sources */,
				893456172AF6855B00094315 /* main.m in Sources */,
				893456092AF6855A00094315 /* SceneDelegate.m in Sources */,
			);
			runOnlyForDeploymentPostprocessing = 0;
		};
/* End PBXSourcesBuildPhase section */

/* Begin XCBuildConfiguration section */
		893456182AF6855B00094315 /* Debug */ = {
			isa = XCBuildConfiguration;
			buildSettings = {
				ALWAYS_SEARCH_USER_PATHS = NO;
				ASSETCATALOG_COMPILER_GENERATE_SWIFT_ASSET_SYMBOL_EXTENSIONS = YES;
				CLANG_ANALYZER_NONNULL = YES;
				CLANG_ANALYZER_NUMBER_OBJECT_CONVERSION = YES_AGGRESSIVE;
				CLANG_CXX_LANGUAGE_STANDARD = "gnu++20";
				CLANG_ENABLE_MODULES = YES;
				CLANG_ENABLE_OBJC_ARC = YES;
				CLANG_ENABLE_OBJC_WEAK = YES;
				CLANG_WARN_BLOCK_CAPTURE_AUTORELEASING = YES;
				CLANG_WARN_BOOL_CONVERSION = YES;
				CLANG_WARN_COMMA = YES;
				CLANG_WARN_CONSTANT_CONVERSION = YES;
				CLANG_WARN_DEPRECATED_OBJC_IMPLEMENTATIONS = YES;
				CLANG_WARN_DIRECT_OBJC_ISA_USAGE = YES_ERROR;
				CLANG_WARN_DOCUMENTATION_COMMENTS = YES;
				CLANG_WARN_EMPTY_BODY = YES;
				CLANG_WARN_ENUM_CONVERSION = YES;
				CLANG_WARN_INFINITE_RECURSION = YES;
				CLANG_WARN_INT_CONVERSION = YES;
				CLANG_WARN_NON_LITERAL_NULL_CONVERSION = YES;
				CLANG_WARN_OBJC_IMPLICIT_RETAIN_SELF = YES;
				CLANG_WARN_OBJC_LITERAL_CONVERSION = YES;
				CLANG_WARN_OBJC_ROOT_CLASS = YES_ERROR;
				CLANG_WARN_QUOTED_INCLUDE_IN_FRAMEWORK_HEADER = YES;
				CLANG_WARN_RANGE_LOOP_ANALYSIS = YES;
				CLANG_WARN_STRICT_PROTOTYPES = YES;
				CLANG_WARN_SUSPICIOUS_MOVE = YES;
				CLANG_WARN_UNGUARDED_AVAILABILITY = YES_AGGRESSIVE;
				CLANG_WARN_UNREACHABLE_CODE = YES;
				CLANG_WARN__DUPLICATE_METHOD_MATCH = YES;
				COPY_PHASE_STRIP = NO;
				DEBUG_INFORMATION_FORMAT = dwarf;
				ENABLE_STRICT_OBJC_MSGSEND = YES;
				ENABLE_TESTABILITY = YES;
				ENABLE_USER_SCRIPT_SANDBOXING = YES;
				GCC_C_LANGUAGE_STANDARD = gnu17;
				GCC_DYNAMIC_NO_PIC = NO;
				GCC_NO_COMMON_BLOCKS = YES;
				GCC_OPTIMIZATION_LEVEL = 0;
				GCC_PREPROCESSOR_DEFINITIONS = (
					"DEBUG=1",
					"$(inherited)",
				);
				GCC_WARN_64_TO_32_BIT_CONVERSION = YES;
				GCC_WARN_ABOUT_RETURN_TYPE = YES_ERROR;
				GCC_WARN_UNDECLARED_SELECTOR = YES;
				GCC_WARN_UNINITIALIZED_AUTOS = YES_AGGRESSIVE;
				GCC_WARN_UNUSED_FUNCTION = YES;
				GCC_WARN_UNUSED_VARIABLE = YES;
				IPHONEOS_DEPLOYMENT_TARGET = 10.0;
				LOCALIZATION_PREFERS_STRING_CATALOGS = YES;
				MTL_ENABLE_DEBUG_INFO = INCLUDE_SOURCE;
				MTL_FAST_MATH = YES;
				ONLY_ACTIVE_ARCH = YES;
				SDKROOT = iphoneos;
			};
			name = Debug;
		};
		893456192AF6855B00094315 /* Release */ = {
			isa = XCBuildConfiguration;
			buildSettings = {
				ALWAYS_SEARCH_USER_PATHS = NO;
				ASSETCATALOG_COMPILER_GENERATE_SWIFT_ASSET_SYMBOL_EXTENSIONS = YES;
				CLANG_ANALYZER_NONNULL = YES;
				CLANG_ANALYZER_NUMBER_OBJECT_CONVERSION = YES_AGGRESSIVE;
				CLANG_CXX_LANGUAGE_STANDARD = "gnu++20";
				CLANG_ENABLE_MODULES = YES;
				CLANG_ENABLE_OBJC_ARC = YES;
				CLANG_ENABLE_OBJC_WEAK = YES;
				CLANG_WARN_BLOCK_CAPTURE_AUTORELEASING = YES;
				CLANG_WARN_BOOL_CONVERSION = YES;
				CLANG_WARN_COMMA = YES;
				CLANG_WARN_CONSTANT_CONVERSION = YES;
				CLANG_WARN_DEPRECATED_OBJC_IMPLEMENTATIONS = YES;
				CLANG_WARN_DIRECT_OBJC_ISA_USAGE = YES_ERROR;
				CLANG_WARN_DOCUMENTATION_COMMENTS = YES;
				CLANG_WARN_EMPTY_BODY = YES;
				CLANG_WARN_ENUM_CONVERSION = YES;
				CLANG_WARN_INFINITE_RECURSION = YES;
				CLANG_WARN_INT_CONVERSION = YES;
				CLANG_WARN_NON_LITERAL_NULL_CONVERSION = YES;
				CLANG_WARN_OBJC_IMPLICIT_RETAIN_SELF = YES;
				CLANG_WARN_OBJC_LITERAL_CONVERSION = YES;
				CLANG_WARN_OBJC_ROOT_CLASS = YES_ERROR;
				CLANG_WARN_QUOTED_INCLUDE_IN_FRAMEWORK_HEADER = YES;
				CLANG_WARN_RANGE_LOOP_ANALYSIS = YES;
				CLANG_WARN_STRICT_PROTOTYPES = YES;
				CLANG_WARN_SUSPICIOUS_MOVE = YES;
				CLANG_WARN_UNGUARDED_AVAILABILITY = YES_AGGRESSIVE;
				CLANG_WARN_UNREACHABLE_CODE = YES;
				CLANG_WARN__DUPLICATE_METHOD_MATCH = YES;
				COPY_PHASE_STRIP = NO;
				DEBUG_INFORMATION_FORMAT = "dwarf-with-dsym";
				ENABLE_NS_ASSERTIONS = NO;
				ENABLE_STRICT_OBJC_MSGSEND = YES;
				ENABLE_USER_SCRIPT_SANDBOXING = YES;
				GCC_C_LANGUAGE_STANDARD = gnu17;
				GCC_NO_COMMON_BLOCKS = YES;
				GCC_WARN_64_TO_32_BIT_CONVERSION = YES;
				GCC_WARN_ABOUT_RETURN_TYPE = YES_ERROR;
				GCC_WARN_UNDECLARED_SELECTOR = YES;
				GCC_WARN_UNINITIALIZED_AUTOS = YES_AGGRESSIVE;
				GCC_WARN_UNUSED_FUNCTION = YES;
				GCC_WARN_UNUSED_VARIABLE = YES;
				IPHONEOS_DEPLOYMENT_TARGET = 10.0;
				LOCALIZATION_PREFERS_STRING_CATALOGS = YES;
				MTL_ENABLE_DEBUG_INFO = NO;
				MTL_FAST_MATH = YES;
				SDKROOT = iphoneos;
				VALIDATE_PRODUCT = YES;
			};
			name = Release;
		};
		8934561B2AF6855B00094315 /* Debug */ = {
			isa = XCBuildConfiguration;
			baseConfigurationReference = CA69858902EC5A4429FE81EF /* Pods-RoutePlanDemo.debug.xcconfig */;
			buildSettings = {
				ASSETCATALOG_COMPILER_APPICON_NAME = AppIcon;
				ASSETCATALOG_COMPILER_GLOBAL_ACCENT_COLOR_NAME = AccentColor;
				CODE_SIGN_STYLE = Automatic;
				CURRENT_PROJECT_VERSION = 1;
				DEVELOPMENT_TEAM = "";
				ENABLE_USER_SCRIPT_SANDBOXING = NO;
				GENERATE_INFOPLIST_FILE = YES;
				INFOPLIST_FILE = RoutePlanDemo/Info.plist;
				INFOPLIST_KEY_CFBundleDisplayName = RoutePlan;
				INFOPLIST_KEY_NSLocationAlwaysAndWhenInUseUsageDescription = "导航SDK需要您的定位服务，否则可能无法使用，如果您需要使用后台导航功能请选择“始终允许”。";
				INFOPLIST_KEY_NSLocationAlwaysUsageDescription = "导航SDK需要您的定位服务，否则可能无法使用。";
				INFOPLIST_KEY_NSLocationWhenInUseUsageDescription = "导航SDK需要您的定位服务，否则可能无法使用。";
				INFOPLIST_KEY_UIApplicationSupportsIndirectInputEvents = YES;
				INFOPLIST_KEY_UILaunchStoryboardName = LaunchScreen;
				INFOPLIST_KEY_UIMainStoryboardFile = Main;
				INFOPLIST_KEY_UISupportedInterfaceOrientations_iPad = "UIInterfaceOrientationPortrait UIInterfaceOrientationPortraitUpsideDown UIInterfaceOrientationLandscapeLeft UIInterfaceOrientationLandscapeRight";
				INFOPLIST_KEY_UISupportedInterfaceOrientations_iPhone = "UIInterfaceOrientationPortrait UIInterfaceOrientationLandscapeLeft UIInterfaceOrientationLandscapeRight";
				LD_RUNPATH_SEARCH_PATHS = (
					"$(inherited)",
					"@executable_path/Frameworks",
				);
				MARKETING_VERSION = 1.0;
				PRODUCT_BUNDLE_IDENTIFIER = com.topstep.routeplandemo;
				PRODUCT_NAME = "$(TARGET_NAME)";
				SWIFT_EMIT_LOC_STRINGS = YES;
				TARGETED_DEVICE_FAMILY = "1,2";
			};
			name = Debug;
		};
		8934561C2AF6855B00094315 /* Release */ = {
			isa = XCBuildConfiguration;
			baseConfigurationReference = E098B95DA1E96D7F61F46C2B /* Pods-RoutePlanDemo.release.xcconfig */;
			buildSettings = {
				ASSETCATALOG_COMPILER_APPICON_NAME = AppIcon;
				ASSETCATALOG_COMPILER_GLOBAL_ACCENT_COLOR_NAME = AccentColor;
				CODE_SIGN_STYLE = Automatic;
				CURRENT_PROJECT_VERSION = 1;
				DEVELOPMENT_TEAM = "";
				ENABLE_USER_SCRIPT_SANDBOXING = NO;
				GENERATE_INFOPLIST_FILE = YES;
				INFOPLIST_FILE = RoutePlanDemo/Info.plist;
				INFOPLIST_KEY_CFBundleDisplayName = RoutePlan;
				INFOPLIST_KEY_NSLocationAlwaysAndWhenInUseUsageDescription = "导航SDK需要您的定位服务，否则可能无法使用，如果您需要使用后台导航功能请选择“始终允许”。";
				INFOPLIST_KEY_NSLocationAlwaysUsageDescription = "导航SDK需要您的定位服务，否则可能无法使用。";
				INFOPLIST_KEY_NSLocationWhenInUseUsageDescription = "导航SDK需要您的定位服务，否则可能无法使用。";
				INFOPLIST_KEY_UIApplicationSupportsIndirectInputEvents = YES;
				INFOPLIST_KEY_UILaunchStoryboardName = LaunchScreen;
				INFOPLIST_KEY_UIMainStoryboardFile = Main;
				INFOPLIST_KEY_UISupportedInterfaceOrientations_iPad = "UIInterfaceOrientationPortrait UIInterfaceOrientationPortraitUpsideDown UIInterfaceOrientationLandscapeLeft UIInterfaceOrientationLandscapeRight";
				INFOPLIST_KEY_UISupportedInterfaceOrientations_iPhone = "UIInterfaceOrientationPortrait UIInterfaceOrientationLandscapeLeft UIInterfaceOrientationLandscapeRight";
				LD_RUNPATH_SEARCH_PATHS = (
					"$(inherited)",
					"@executable_path/Frameworks",
				);
				MARKETING_VERSION = 1.0;
				PRODUCT_BUNDLE_IDENTIFIER = com.topstep.routeplandemo;
				PRODUCT_NAME = "$(TARGET_NAME)";
				SWIFT_EMIT_LOC_STRINGS = YES;
				TARGETED_DEVICE_FAMILY = "1,2";
			};
			name = Release;
		};
/* End XCBuildConfiguration section */

/* Begin XCConfigurationList section */
		893455FC2AF6855A00094315 /* Build configuration list for PBXProject "RoutePlanDemo" */ = {
			isa = XCConfigurationList;
			buildConfigurations = (
				893456182AF6855B00094315 /* Debug */,
				893456192AF6855B00094315 /* Release */,
			);
			defaultConfigurationIsVisible = 0;
			defaultConfigurationName = Release;
		};
		8934561A2AF6855B00094315 /* Build configuration list for PBXNativeTarget "RoutePlanDemo" */ = {
			isa = XCConfigurationList;
			buildConfigurations = (
				8934561B2AF6855B00094315 /* Debug */,
				8934561C2AF6855B00094315 /* Release */,
			);
			defaultConfigurationIsVisible = 0;
			defaultConfigurationName = Release;
		};
/* End XCConfigurationList section */
	};
	rootObject = 893455F92AF6855A00094315 /* Project object */;
}
