// !$*UTF8*$!
{
	archiveVersion = 1;
	classes = {
	};
	objectVersion = 56;
	objects = {

/* Begin PBXBuildFile section */
		284B8787F33A45889E06EFA1 /* Pods_FitCloudH5GameDemo.framework in Frameworks */ = {isa = PBXBuildFile; fileRef = 1B35E96874582395DD4E02CC /* Pods_FitCloudH5GameDemo.framework */; };
		8930D7422AE53F2A0070E4F2 /* AppDelegate.m in Sources */ = {isa = PBXBuildFile; fileRef = 8930D7412AE53F2A0070E4F2 /* AppDelegate.m */; };
		8930D7452AE53F2A0070E4F2 /* SceneDelegate.m in Sources */ = {isa = PBXBuildFile; fileRef = 8930D7442AE53F2A0070E4F2 /* SceneDelegate.m */; };
		8930D7482AE53F2A0070E4F2 /* ViewController.m in Sources */ = {isa = PBXBuildFile; fileRef = 8930D7472AE53F2A0070E4F2 /* ViewController.m */; };
		8930D74B2AE53F2A0070E4F2 /* Main.storyboard in Resources */ = {isa = PBXBuildFile; fileRef = 8930D7492AE53F2A0070E4F2 /* Main.storyboard */; };
		8930D74D2AE53F2B0070E4F2 /* Assets.xcassets in Resources */ = {isa = PBXBuildFile; fileRef = 8930D74C2AE53F2B0070E4F2 /* Assets.xcassets */; };
		8930D7502AE53F2B0070E4F2 /* LaunchScreen.storyboard in Resources */ = {isa = PBXBuildFile; fileRef = 8930D74E2AE53F2B0070E4F2 /* LaunchScreen.storyboard */; };
		8930D7532AE53F2B0070E4F2 /* main.m in Sources */ = {isa = PBXBuildFile; fileRef = 8930D7522AE53F2B0070E4F2 /* main.m */; };
		8930D75B2AE545DC0070E4F2 /* AppDelegate+FitCloudKit.m in Sources */ = {isa = PBXBuildFile; fileRef = 8930D75A2AE545DC0070E4F2 /* AppDelegate+FitCloudKit.m */; };
/* End PBXBuildFile section */

/* Begin PBXFileReference section */
		1B35E96874582395DD4E02CC /* Pods_FitCloudH5GameDemo.framework */ = {isa = PBXFileReference; explicitFileType = wrapper.framework; includeInIndex = 0; path = Pods_FitCloudH5GameDemo.framework; sourceTree = BUILT_PRODUCTS_DIR; };
		8930D73D2AE53F2A0070E4F2 /* FitCloudH5GameDemo.app */ = {isa = PBXFileReference; explicitFileType = wrapper.application; includeInIndex = 0; path = FitCloudH5GameDemo.app; sourceTree = BUILT_PRODUCTS_DIR; };
		8930D7402AE53F2A0070E4F2 /* AppDelegate.h */ = {isa = PBXFileReference; lastKnownFileType = sourcecode.c.h; path = AppDelegate.h; sourceTree = "<group>"; };
		8930D7412AE53F2A0070E4F2 /* AppDelegate.m */ = {isa = PBXFileReference; lastKnownFileType = sourcecode.c.objc; path = AppDelegate.m; sourceTree = "<group>"; };
		8930D7432AE53F2A0070E4F2 /* SceneDelegate.h */ = {isa = PBXFileReference; lastKnownFileType = sourcecode.c.h; path = SceneDelegate.h; sourceTree = "<group>"; };
		8930D7442AE53F2A0070E4F2 /* SceneDelegate.m */ = {isa = PBXFileReference; lastKnownFileType = sourcecode.c.objc; path = SceneDelegate.m; sourceTree = "<group>"; };
		8930D7462AE53F2A0070E4F2 /* ViewController.h */ = {isa = PBXFileReference; lastKnownFileType = sourcecode.c.h; path = ViewController.h; sourceTree = "<group>"; };
		8930D7472AE53F2A0070E4F2 /* ViewController.m */ = {isa = PBXFileReference; lastKnownFileType = sourcecode.c.objc; path = ViewController.m; sourceTree = "<group>"; };
		8930D74A2AE53F2A0070E4F2 /* Base */ = {isa = PBXFileReference; lastKnownFileType = file.storyboard; name = Base; path = Base.lproj/Main.storyboard; sourceTree = "<group>"; };
		8930D74C2AE53F2B0070E4F2 /* Assets.xcassets */ = {isa = PBXFileReference; lastKnownFileType = folder.assetcatalog; path = Assets.xcassets; sourceTree = "<group>"; };
		8930D74F2AE53F2B0070E4F2 /* Base */ = {isa = PBXFileReference; lastKnownFileType = file.storyboard; name = Base; path = Base.lproj/LaunchScreen.storyboard; sourceTree = "<group>"; };
		8930D7512AE53F2B0070E4F2 /* Info.plist */ = {isa = PBXFileReference; lastKnownFileType = text.plist.xml; path = Info.plist; sourceTree = "<group>"; };
		8930D7522AE53F2B0070E4F2 /* main.m */ = {isa = PBXFileReference; lastKnownFileType = sourcecode.c.objc; path = main.m; sourceTree = "<group>"; };
		8930D7592AE545DC0070E4F2 /* AppDelegate+FitCloudKit.h */ = {isa = PBXFileReference; lastKnownFileType = sourcecode.c.h; path = "AppDelegate+FitCloudKit.h"; sourceTree = "<group>"; };
		8930D75A2AE545DC0070E4F2 /* AppDelegate+FitCloudKit.m */ = {isa = PBXFileReference; lastKnownFileType = sourcecode.c.objc; path = "AppDelegate+FitCloudKit.m"; sourceTree = "<group>"; };
		DDFBE16C2E7F72846A48C244 /* Pods-FitCloudH5GameDemo.debug.xcconfig */ = {isa = PBXFileReference; includeInIndex = 1; lastKnownFileType = text.xcconfig; name = "Pods-FitCloudH5GameDemo.debug.xcconfig"; path = "Target Support Files/Pods-FitCloudH5GameDemo/Pods-FitCloudH5GameDemo.debug.xcconfig"; sourceTree = "<group>"; };
		EF1764E35F4AB318ECB92443 /* Pods-FitCloudH5GameDemo.release.xcconfig */ = {isa = PBXFileReference; includeInIndex = 1; lastKnownFileType = text.xcconfig; name = "Pods-FitCloudH5GameDemo.release.xcconfig"; path = "Target Support Files/Pods-FitCloudH5GameDemo/Pods-FitCloudH5GameDemo.release.xcconfig"; sourceTree = "<group>"; };
/* End PBXFileReference section */

/* Begin PBXFrameworksBuildPhase section */
		8930D73A2AE53F2A0070E4F2 /* Frameworks */ = {
			isa = PBXFrameworksBuildPhase;
			buildActionMask = 2147483647;
			files = (
				284B8787F33A45889E06EFA1 /* Pods_FitCloudH5GameDemo.framework in Frameworks */,
			);
			runOnlyForDeploymentPostprocessing = 0;
		};
/* End PBXFrameworksBuildPhase section */

/* Begin PBXGroup section */
		613A42251DDE7F7EEDFEC603 /* Pods */ = {
			isa = PBXGroup;
			children = (
				DDFBE16C2E7F72846A48C244 /* Pods-FitCloudH5GameDemo.debug.xcconfig */,
				EF1764E35F4AB318ECB92443 /* Pods-FitCloudH5GameDemo.release.xcconfig */,
			);
			path = Pods;
			sourceTree = "<group>";
		};
		8930D7342AE53F2A0070E4F2 = {
			isa = PBXGroup;
			children = (
				8930D73F2AE53F2A0070E4F2 /* FitCloudH5GameDemo */,
				8930D73E2AE53F2A0070E4F2 /* Products */,
				613A42251DDE7F7EEDFEC603 /* Pods */,
				E0A1390123478D36F004860C /* Frameworks */,
			);
			sourceTree = "<group>";
		};
		8930D73E2AE53F2A0070E4F2 /* Products */ = {
			isa = PBXGroup;
			children = (
				8930D73D2AE53F2A0070E4F2 /* FitCloudH5GameDemo.app */,
			);
			name = Products;
			sourceTree = "<group>";
		};
		8930D73F2AE53F2A0070E4F2 /* FitCloudH5GameDemo */ = {
			isa = PBXGroup;
			children = (
				8930D7402AE53F2A0070E4F2 /* AppDelegate.h */,
				8930D7412AE53F2A0070E4F2 /* AppDelegate.m */,
				8930D7592AE545DC0070E4F2 /* AppDelegate+FitCloudKit.h */,
				8930D75A2AE545DC0070E4F2 /* AppDelegate+FitCloudKit.m */,
				8930D7432AE53F2A0070E4F2 /* SceneDelegate.h */,
				8930D7442AE53F2A0070E4F2 /* SceneDelegate.m */,
				8930D7462AE53F2A0070E4F2 /* ViewController.h */,
				8930D7472AE53F2A0070E4F2 /* ViewController.m */,
				8930D7492AE53F2A0070E4F2 /* Main.storyboard */,
				8930D74C2AE53F2B0070E4F2 /* Assets.xcassets */,
				8930D74E2AE53F2B0070E4F2 /* LaunchScreen.storyboard */,
				8930D7512AE53F2B0070E4F2 /* Info.plist */,
				8930D7522AE53F2B0070E4F2 /* main.m */,
			);
			path = FitCloudH5GameDemo;
			sourceTree = "<group>";
		};
		E0A1390123478D36F004860C /* Frameworks */ = {
			isa = PBXGroup;
			children = (
				1B35E96874582395DD4E02CC /* Pods_FitCloudH5GameDemo.framework */,
			);
			name = Frameworks;
			sourceTree = "<group>";
		};
/* End PBXGroup section */

/* Begin PBXNativeTarget section */
		8930D73C2AE53F2A0070E4F2 /* FitCloudH5GameDemo */ = {
			isa = PBXNativeTarget;
			buildConfigurationList = 8930D7562AE53F2B0070E4F2 /* Build configuration list for PBXNativeTarget "FitCloudH5GameDemo" */;
			buildPhases = (
				F804859AE5085CD21482CD56 /* [CP] Check Pods Manifest.lock */,
				8930D7392AE53F2A0070E4F2 /* Sources */,
				8930D73A2AE53F2A0070E4F2 /* Frameworks */,
				8930D73B2AE53F2A0070E4F2 /* Resources */,
				AF92BAF09F378E888ED50472 /* [CP] Copy Pods Resources */,
			);
			buildRules = (
			);
			dependencies = (
			);
			name = FitCloudH5GameDemo;
			productName = FitCloudH5GameDemo;
			productReference = 8930D73D2AE53F2A0070E4F2 /* FitCloudH5GameDemo.app */;
			productType = "com.apple.product-type.application";
		};
/* End PBXNativeTarget section */

/* Begin PBXProject section */
		8930D7352AE53F2A0070E4F2 /* Project object */ = {
			isa = PBXProject;
			attributes = {
				BuildIndependentTargetsInParallel = 1;
				LastUpgradeCheck = 1500;
				TargetAttributes = {
					8930D73C2AE53F2A0070E4F2 = {
						CreatedOnToolsVersion = 15.0;
					};
				};
			};
			buildConfigurationList = 8930D7382AE53F2A0070E4F2 /* Build configuration list for PBXProject "FitCloudH5GameDemo" */;
			compatibilityVersion = "Xcode 14.0";
			developmentRegion = en;
			hasScannedForEncodings = 0;
			knownRegions = (
				en,
				Base,
			);
			mainGroup = 8930D7342AE53F2A0070E4F2;
			productRefGroup = 8930D73E2AE53F2A0070E4F2 /* Products */;
			projectDirPath = "";
			projectRoot = "";
			targets = (
				8930D73C2AE53F2A0070E4F2 /* FitCloudH5GameDemo */,
			);
		};
/* End PBXProject section */

/* Begin PBXResourcesBuildPhase section */
		8930D73B2AE53F2A0070E4F2 /* Resources */ = {
			isa = PBXResourcesBuildPhase;
			buildActionMask = 2147483647;
			files = (
				8930D7502AE53F2B0070E4F2 /* LaunchScreen.storyboard in Resources */,
				8930D74D2AE53F2B0070E4F2 /* Assets.xcassets in Resources */,
				8930D74B2AE53F2A0070E4F2 /* Main.storyboard in Resources */,
			);
			runOnlyForDeploymentPostprocessing = 0;
		};
/* End PBXResourcesBuildPhase section */

/* Begin PBXShellScriptBuildPhase section */
		AF92BAF09F378E888ED50472 /* [CP] Copy Pods Resources */ = {
			isa = PBXShellScriptBuildPhase;
			buildActionMask = 2147483647;
			files = (
			);
			inputFileListPaths = (
				"${PODS_ROOT}/Target Support Files/Pods-FitCloudH5GameDemo/Pods-FitCloudH5GameDemo-resources-${CONFIGURATION}-input-files.xcfilelist",
			);
			name = "[CP] Copy Pods Resources";
			outputFileListPaths = (
				"${PODS_ROOT}/Target Support Files/Pods-FitCloudH5GameDemo/Pods-FitCloudH5GameDemo-resources-${CONFIGURATION}-output-files.xcfilelist",
			);
			runOnlyForDeploymentPostprocessing = 0;
			shellPath = /bin/sh;
			shellScript = "\"${PODS_ROOT}/Target Support Files/Pods-FitCloudH5GameDemo/Pods-FitCloudH5GameDemo-resources.sh\"\n";
			showEnvVarsInLog = 0;
		};
		F804859AE5085CD21482CD56 /* [CP] Check Pods Manifest.lock */ = {
			isa = PBXShellScriptBuildPhase;
			buildActionMask = 2147483647;
			files = (
			);
			inputFileListPaths = (
			);
			inputPaths = (
				"${PODS_PODFILE_DIR_PATH}/Podfile.lock",
				"${PODS_ROOT}/Manifest.lock",
			);
			name = "[CP] Check Pods Manifest.lock";
			outputFileListPaths = (
			);
			outputPaths = (
				"$(DERIVED_FILE_DIR)/Pods-FitCloudH5GameDemo-checkManifestLockResult.txt",
			);
			runOnlyForDeploymentPostprocessing = 0;
			shellPath = /bin/sh;
			shellScript = "diff \"${PODS_PODFILE_DIR_PATH}/Podfile.lock\" \"${PODS_ROOT}/Manifest.lock\" > /dev/null\nif [ $? != 0 ] ; then\n    # print error to STDERR\n    echo \"error: The sandbox is not in sync with the Podfile.lock. Run 'pod install' or update your CocoaPods installation.\" >&2\n    exit 1\nfi\n# This output is used by Xcode 'outputs' to avoid re-running this script phase.\necho \"SUCCESS\" > \"${SCRIPT_OUTPUT_FILE_0}\"\n";
			showEnvVarsInLog = 0;
		};
/* End PBXShellScriptBuildPhase section */

/* Begin PBXSourcesBuildPhase section */
		8930D7392AE53F2A0070E4F2 /* Sources */ = {
			isa = PBXSourcesBuildPhase;
			buildActionMask = 2147483647;
			files = (
				8930D7482AE53F2A0070E4F2 /* ViewController.m in Sources */,
				8930D7422AE53F2A0070E4F2 /* AppDelegate.m in Sources */,
				8930D7532AE53F2B0070E4F2 /* main.m in Sources */,
				8930D75B2AE545DC0070E4F2 /* AppDelegate+FitCloudKit.m in Sources */,
				8930D7452AE53F2A0070E4F2 /* SceneDelegate.m in Sources */,
			);
			runOnlyForDeploymentPostprocessing = 0;
		};
/* End PBXSourcesBuildPhase section */

/* Begin PBXVariantGroup section */
		8930D7492AE53F2A0070E4F2 /* Main.storyboard */ = {
			isa = PBXVariantGroup;
			children = (
				8930D74A2AE53F2A0070E4F2 /* Base */,
			);
			name = Main.storyboard;
			sourceTree = "<group>";
		};
		8930D74E2AE53F2B0070E4F2 /* LaunchScreen.storyboard */ = {
			isa = PBXVariantGroup;
			children = (
				8930D74F2AE53F2B0070E4F2 /* Base */,
			);
			name = LaunchScreen.storyboard;
			sourceTree = "<group>";
		};
/* End PBXVariantGroup section */

/* Begin XCBuildConfiguration section */
		8930D7542AE53F2B0070E4F2 /* Debug */ = {
			isa = XCBuildConfiguration;
			buildSettings = {
				ALWAYS_SEARCH_USER_PATHS = NO;
				ASSETCATALOG_COMPILER_GENERATE_SWIFT_ASSET_SYMBOL_EXTENSIONS = YES;
				CLANG_ANALYZER_NONNULL = YES;
				CLANG_ANALYZER_NUMBER_OBJECT_CONVERSION = YES_AGGRESSIVE;
				CLANG_CXX_LANGUAGE_STANDARD = "gnu++20";
				CLANG_ENABLE_MODULES = YES;
				CLANG_ENABLE_OBJC_ARC = YES;
				CLANG_ENABLE_OBJC_WEAK = YES;
				CLANG_WARN_BLOCK_CAPTURE_AUTORELEASING = YES;
				CLANG_WARN_BOOL_CONVERSION = YES;
				CLANG_WARN_COMMA = YES;
				CLANG_WARN_CONSTANT_CONVERSION = YES;
				CLANG_WARN_DEPRECATED_OBJC_IMPLEMENTATIONS = YES;
				CLANG_WARN_DIRECT_OBJC_ISA_USAGE = YES_ERROR;
				CLANG_WARN_DOCUMENTATION_COMMENTS = YES;
				CLANG_WARN_EMPTY_BODY = YES;
				CLANG_WARN_ENUM_CONVERSION = YES;
				CLANG_WARN_INFINITE_RECURSION = YES;
				CLANG_WARN_INT_CONVERSION = YES;
				CLANG_WARN_NON_LITERAL_NULL_CONVERSION = YES;
				CLANG_WARN_OBJC_IMPLICIT_RETAIN_SELF = YES;
				CLANG_WARN_OBJC_LITERAL_CONVERSION = YES;
				CLANG_WARN_OBJC_ROOT_CLASS = YES_ERROR;
				CLANG_WARN_QUOTED_INCLUDE_IN_FRAMEWORK_HEADER = YES;
				CLANG_WARN_RANGE_LOOP_ANALYSIS = YES;
				CLANG_WARN_STRICT_PROTOTYPES = YES;
				CLANG_WARN_SUSPICIOUS_MOVE = YES;
				CLANG_WARN_UNGUARDED_AVAILABILITY = YES_AGGRESSIVE;
				CLANG_WARN_UNREACHABLE_CODE = YES;
				CLANG_WARN__DUPLICATE_METHOD_MATCH = YES;
				COPY_PHASE_STRIP = NO;
				DEBUG_INFORMATION_FORMAT = dwarf;
				ENABLE_STRICT_OBJC_MSGSEND = YES;
				ENABLE_TESTABILITY = YES;
				ENABLE_USER_SCRIPT_SANDBOXING = YES;
				GCC_C_LANGUAGE_STANDARD = gnu17;
				GCC_DYNAMIC_NO_PIC = NO;
				GCC_NO_COMMON_BLOCKS = YES;
				GCC_OPTIMIZATION_LEVEL = 0;
				GCC_PREPROCESSOR_DEFINITIONS = (
					"DEBUG=1",
					"$(inherited)",
				);
				GCC_WARN_64_TO_32_BIT_CONVERSION = YES;
				GCC_WARN_ABOUT_RETURN_TYPE = YES_ERROR;
				GCC_WARN_UNDECLARED_SELECTOR = YES;
				GCC_WARN_UNINITIALIZED_AUTOS = YES_AGGRESSIVE;
				GCC_WARN_UNUSED_FUNCTION = YES;
				GCC_WARN_UNUSED_VARIABLE = YES;
				IPHONEOS_DEPLOYMENT_TARGET = 11.0;
				LOCALIZATION_PREFERS_STRING_CATALOGS = YES;
				MTL_ENABLE_DEBUG_INFO = INCLUDE_SOURCE;
				MTL_FAST_MATH = YES;
				ONLY_ACTIVE_ARCH = YES;
				SDKROOT = iphoneos;
			};
			name = Debug;
		};
		8930D7552AE53F2B0070E4F2 /* Release */ = {
			isa = XCBuildConfiguration;
			buildSettings = {
				ALWAYS_SEARCH_USER_PATHS = NO;
				ASSETCATALOG_COMPILER_GENERATE_SWIFT_ASSET_SYMBOL_EXTENSIONS = YES;
				CLANG_ANALYZER_NONNULL = YES;
				CLANG_ANALYZER_NUMBER_OBJECT_CONVERSION = YES_AGGRESSIVE;
				CLANG_CXX_LANGUAGE_STANDARD = "gnu++20";
				CLANG_ENABLE_MODULES = YES;
				CLANG_ENABLE_OBJC_ARC = YES;
				CLANG_ENABLE_OBJC_WEAK = YES;
				CLANG_WARN_BLOCK_CAPTURE_AUTORELEASING = YES;
				CLANG_WARN_BOOL_CONVERSION = YES;
				CLANG_WARN_COMMA = YES;
				CLANG_WARN_CONSTANT_CONVERSION = YES;
				CLANG_WARN_DEPRECATED_OBJC_IMPLEMENTATIONS = YES;
				CLANG_WARN_DIRECT_OBJC_ISA_USAGE = YES_ERROR;
				CLANG_WARN_DOCUMENTATION_COMMENTS = YES;
				CLANG_WARN_EMPTY_BODY = YES;
				CLANG_WARN_ENUM_CONVERSION = YES;
				CLANG_WARN_INFINITE_RECURSION = YES;
				CLANG_WARN_INT_CONVERSION = YES;
				CLANG_WARN_NON_LITERAL_NULL_CONVERSION = YES;
				CLANG_WARN_OBJC_IMPLICIT_RETAIN_SELF = YES;
				CLANG_WARN_OBJC_LITERAL_CONVERSION = YES;
				CLANG_WARN_OBJC_ROOT_CLASS = YES_ERROR;
				CLANG_WARN_QUOTED_INCLUDE_IN_FRAMEWORK_HEADER = YES;
				CLANG_WARN_RANGE_LOOP_ANALYSIS = YES;
				CLANG_WARN_STRICT_PROTOTYPES = YES;
				CLANG_WARN_SUSPICIOUS_MOVE = YES;
				CLANG_WARN_UNGUARDED_AVAILABILITY = YES_AGGRESSIVE;
				CLANG_WARN_UNREACHABLE_CODE = YES;
				CLANG_WARN__DUPLICATE_METHOD_MATCH = YES;
				COPY_PHASE_STRIP = NO;
				DEBUG_INFORMATION_FORMAT = "dwarf-with-dsym";
				ENABLE_NS_ASSERTIONS = NO;
				ENABLE_STRICT_OBJC_MSGSEND = YES;
				ENABLE_USER_SCRIPT_SANDBOXING = YES;
				GCC_C_LANGUAGE_STANDARD = gnu17;
				GCC_NO_COMMON_BLOCKS = YES;
				GCC_WARN_64_TO_32_BIT_CONVERSION = YES;
				GCC_WARN_ABOUT_RETURN_TYPE = YES_ERROR;
				GCC_WARN_UNDECLARED_SELECTOR = YES;
				GCC_WARN_UNINITIALIZED_AUTOS = YES_AGGRESSIVE;
				GCC_WARN_UNUSED_FUNCTION = YES;
				GCC_WARN_UNUSED_VARIABLE = YES;
				IPHONEOS_DEPLOYMENT_TARGET = 11.0;
				LOCALIZATION_PREFERS_STRING_CATALOGS = YES;
				MTL_ENABLE_DEBUG_INFO = NO;
				MTL_FAST_MATH = YES;
				SDKROOT = iphoneos;
				VALIDATE_PRODUCT = YES;
			};
			name = Release;
		};
		8930D7572AE53F2B0070E4F2 /* Debug */ = {
			isa = XCBuildConfiguration;
			baseConfigurationReference = DDFBE16C2E7F72846A48C244 /* Pods-FitCloudH5GameDemo.debug.xcconfig */;
			buildSettings = {
				ASSETCATALOG_COMPILER_APPICON_NAME = AppIcon;
				ASSETCATALOG_COMPILER_GLOBAL_ACCENT_COLOR_NAME = AccentColor;
				CODE_SIGN_STYLE = Automatic;
				CURRENT_PROJECT_VERSION = 1;
				DEVELOPMENT_TEAM = "";
				ENABLE_USER_SCRIPT_SANDBOXING = NO;
				GENERATE_INFOPLIST_FILE = YES;
				INFOPLIST_FILE = FitCloudH5GameDemo/Info.plist;
				INFOPLIST_KEY_UIApplicationSupportsIndirectInputEvents = YES;
				INFOPLIST_KEY_UILaunchStoryboardName = LaunchScreen;
				INFOPLIST_KEY_UIMainStoryboardFile = Main;
				INFOPLIST_KEY_UISupportedInterfaceOrientations_iPad = "UIInterfaceOrientationPortrait UIInterfaceOrientationPortraitUpsideDown UIInterfaceOrientationLandscapeLeft UIInterfaceOrientationLandscapeRight";
				INFOPLIST_KEY_UISupportedInterfaceOrientations_iPhone = "UIInterfaceOrientationPortrait UIInterfaceOrientationLandscapeLeft UIInterfaceOrientationLandscapeRight";
				LD_RUNPATH_SEARCH_PATHS = (
					"$(inherited)",
					"@executable_path/Frameworks",
				);
				MARKETING_VERSION = 1.0;
				PRODUCT_BUNDLE_IDENTIFIER = com.topstep.FitCloudH5GameDemo;
				PRODUCT_NAME = "$(TARGET_NAME)";
				SUPPORTED_PLATFORMS = "iphoneos iphonesimulator";
				SUPPORTS_MACCATALYST = NO;
				SUPPORTS_MAC_DESIGNED_FOR_IPHONE_IPAD = NO;
				SWIFT_EMIT_LOC_STRINGS = YES;
				TARGETED_DEVICE_FAMILY = 1;
			};
			name = Debug;
		};
		8930D7582AE53F2B0070E4F2 /* Release */ = {
			isa = XCBuildConfiguration;
			baseConfigurationReference = EF1764E35F4AB318ECB92443 /* Pods-FitCloudH5GameDemo.release.xcconfig */;
			buildSettings = {
				ASSETCATALOG_COMPILER_APPICON_NAME = AppIcon;
				ASSETCATALOG_COMPILER_GLOBAL_ACCENT_COLOR_NAME = AccentColor;
				CODE_SIGN_STYLE = Automatic;
				CURRENT_PROJECT_VERSION = 1;
				DEVELOPMENT_TEAM = "";
				ENABLE_USER_SCRIPT_SANDBOXING = NO;
				GENERATE_INFOPLIST_FILE = YES;
				INFOPLIST_FILE = FitCloudH5GameDemo/Info.plist;
				INFOPLIST_KEY_UIApplicationSupportsIndirectInputEvents = YES;
				INFOPLIST_KEY_UILaunchStoryboardName = LaunchScreen;
				INFOPLIST_KEY_UIMainStoryboardFile = Main;
				INFOPLIST_KEY_UISupportedInterfaceOrientations_iPad = "UIInterfaceOrientationPortrait UIInterfaceOrientationPortraitUpsideDown UIInterfaceOrientationLandscapeLeft UIInterfaceOrientationLandscapeRight";
				INFOPLIST_KEY_UISupportedInterfaceOrientations_iPhone = "UIInterfaceOrientationPortrait UIInterfaceOrientationLandscapeLeft UIInterfaceOrientationLandscapeRight";
				LD_RUNPATH_SEARCH_PATHS = (
					"$(inherited)",
					"@executable_path/Frameworks",
				);
				MARKETING_VERSION = 1.0;
				PRODUCT_BUNDLE_IDENTIFIER = com.topstep.FitCloudH5GameDemo;
				PRODUCT_NAME = "$(TARGET_NAME)";
				SUPPORTED_PLATFORMS = "iphoneos iphonesimulator";
				SUPPORTS_MACCATALYST = NO;
				SUPPORTS_MAC_DESIGNED_FOR_IPHONE_IPAD = NO;
				SWIFT_EMIT_LOC_STRINGS = YES;
				TARGETED_DEVICE_FAMILY = 1;
			};
			name = Release;
		};
/* End XCBuildConfiguration section */

/* Begin XCConfigurationList section */
		8930D7382AE53F2A0070E4F2 /* Build configuration list for PBXProject "FitCloudH5GameDemo" */ = {
			isa = XCConfigurationList;
			buildConfigurations = (
				8930D7542AE53F2B0070E4F2 /* Debug */,
				8930D7552AE53F2B0070E4F2 /* Release */,
			);
			defaultConfigurationIsVisible = 0;
			defaultConfigurationName = Release;
		};
		8930D7562AE53F2B0070E4F2 /* Build configuration list for PBXNativeTarget "FitCloudH5GameDemo" */ = {
			isa = XCConfigurationList;
			buildConfigurations = (
				8930D7572AE53F2B0070E4F2 /* Debug */,
				8930D7582AE53F2B0070E4F2 /* Release */,
			);
			defaultConfigurationIsVisible = 0;
			defaultConfigurationName = Release;
		};
/* End XCConfigurationList section */
	};
	rootObject = 8930D7352AE53F2A0070E4F2 /* Project object */;
}
